
Microsoft Visual Studio Solution File, Format Version 12.00
# Visual Studio 15
VisualStudioVersion = 15.0.27130.2027
MinimumVisualStudioVersion = 10.0.40219.1
Project("{2150E333-8FDC-42A3-9474-1A3956D46DE8}") = "Lib", "Lib", "{C099CC03-A595-4822-9E2F-2AABB4872E9A}"
	ProjectSection(SolutionItems) = preProject
		Lib\Microsoft.Crm.Sdk.Proxy.dll = Lib\Microsoft.Crm.Sdk.Proxy.dll
		Lib\Microsoft.Practices.Prism.dll = Lib\Microsoft.Practices.Prism.dll
		Lib\Microsoft.Practices.Prism.Interactivity.dll = Lib\Microsoft.Practices.Prism.Interactivity.dll
		Lib\Microsoft.Practices.Prism.MefExtensions.dll = Lib\Microsoft.Practices.Prism.MefExtensions.dll
		Lib\Microsoft.Practices.Prism.UnityExtensions.dll = Lib\Microsoft.Practices.Prism.UnityExtensions.dll
		Lib\Microsoft.Practices.ServiceLocation.dll = Lib\Microsoft.Practices.ServiceLocation.dll
		Lib\Microsoft.Practices.Unity.dll = Lib\Microsoft.Practices.Unity.dll
		Lib\microsoft.xrm.sdk.dll = Lib\microsoft.xrm.sdk.dll
		Lib\microsoft.xrm.sdk.workflow.dll = Lib\microsoft.xrm.sdk.workflow.dll
		Lib\MigraDoc.DocumentObjectModel-WPF.dll = Lib\MigraDoc.DocumentObjectModel-WPF.dll
		Lib\MigraDoc.Rendering-WPF.dll = Lib\MigraDoc.Rendering-WPF.dll
		Lib\MigraDoc.RtfRendering-WPF.dll = Lib\MigraDoc.RtfRendering-WPF.dll
		Lib\PdfSharp-WPF.dll = Lib\PdfSharp-WPF.dll
		Lib\PdfSharp.Charting-WPF.dll = Lib\PdfSharp.Charting-WPF.dll
		Lib\Unity.Wcf.dll = Lib\Unity.Wcf.dll
		Lib\Xceed.Wpf.Toolkit.dll = Lib\Xceed.Wpf.Toolkit.dll
	EndProjectSection
EndProject
Project("{2150E333-8FDC-42A3-9474-1A3956D46DE8}") = "CustomisationImporter", "CustomisationImporter", "{36C82670-022D-4446-A1B6-FA03688A3E5E}"
EndProject
Project("{2150E333-8FDC-42A3-9474-1A3956D46DE8}") = "XRM", "XRM", "{A894D3E5-6594-40DF-97A9-55FB1ADAB7C3}"
EndProject
Project("{2150E333-8FDC-42A3-9474-1A3956D46DE8}") = "Record", "Record", "{67CE8CD0-4F37-4A0B-897A-E126AF300F8D}"
EndProject
Project("{2150E333-8FDC-42A3-9474-1A3956D46DE8}") = "Apps", "Apps", "{A2553310-F07E-4CD8-BCED-4075404A8C37}"
EndProject
Project("{2150E333-8FDC-42A3-9474-1A3956D46DE8}") = "Deployment", "Deployment", "{B4EC23AA-5796-4C36-BAD7-7D82411E5027}"
EndProject
Project("{2150E333-8FDC-42A3-9474-1A3956D46DE8}") = "Core", "Core", "{42B099DB-0DD6-4312-B980-09AEAD911B90}"
EndProject
Project("{2150E333-8FDC-42A3-9474-1A3956D46DE8}") = "Modules", "Modules", "{2C7C4899-144F-4DC5-93AD-06FF09B8DF82}"
EndProject
Project("{2150E333-8FDC-42A3-9474-1A3956D46DE8}") = "Xrm", "Xrm", "{0A157D67-BF3B-4EAB-A6E3-F8C4C63C4CE3}"
EndProject
Project("{2150E333-8FDC-42A3-9474-1A3956D46DE8}") = "RecordExtract", "RecordExtract", "{DBB5831C-8FD8-4126-8A9C-565848A82E06}"
EndProject
Project("{2150E333-8FDC-42A3-9474-1A3956D46DE8}") = "CodeGenerator", "CodeGenerator", "{F9B7BDB4-5B16-499F-830C-36BE12EC665E}"
EndProject
Project("{2150E333-8FDC-42A3-9474-1A3956D46DE8}") = "TestModule", "TestModule", "{472650C0-A212-4FA5-9015-576734061227}"
EndProject
Project("{2150E333-8FDC-42A3-9474-1A3956D46DE8}") = "Solution Items", "Solution Items", "{D0951EBD-01E1-465A-8CE4-4026FF36D400}"
	ProjectSection(SolutionItems) = preProject
		SolutionItems\Customisations.xls = SolutionItems\Customisations.xls
		SolutionItems\JosephM.snk = SolutionItems\JosephM.snk
		SolutionItems\TestComponents_unmanaged.zip = SolutionItems\TestComponents_unmanaged.zip
	EndProjectSection
EndProject
Project("{2150E333-8FDC-42A3-9474-1A3956D46DE8}") = "Read Me", "Read Me", "{01799AFC-0BD6-4BBB-8ABC-A6517B402D70}"
	ProjectSection(SolutionItems) = preProject
		Read Me\Read Me.docx = Read Me\Read Me.docx
	EndProjectSection
EndProject
Project("{2150E333-8FDC-42A3-9474-1A3956D46DE8}") = "CustomisationExporter", "CustomisationExporter", "{8E90EB5E-EA6B-4CBC-B45F-1EB2790D00CC}"
EndProject
Project("{FAE04EC0-301F-11D3-BF4B-00C04F79EFBC}") = "JosephM.Core", "JosephM.Core\JosephM.Core.csproj", "{C29B8A9A-3831-41C2-A0C1-EA1B265D696F}"
EndProject
Project("{FAE04EC0-301F-11D3-BF4B-00C04F79EFBC}") = "JosephM.Core.Test", "JosephM.Core.Test\JosephM.Core.Test.csproj", "{7A4CE94B-1F3B-46F0-9C7F-9F2CB5B3C5E8}"
EndProject
Project("{FAE04EC0-301F-11D3-BF4B-00C04F79EFBC}") = "JosephM.ObjectMapping", "JosephM.ObjectMapping\JosephM.ObjectMapping.csproj", "{EB4443BD-DEAD-4546-9C8C-BFC2A807AF3A}"
EndProject
Project("{FAE04EC0-301F-11D3-BF4B-00C04F79EFBC}") = "JosephM.ObjectMapping.Test", "JosephM.ObjectMapping.Test\JosephM.ObjectMapping.Test.csproj", "{3962E918-9797-45EB-9E5B-E28229D5BE33}"
EndProject
Project("{FAE04EC0-301F-11D3-BF4B-00C04F79EFBC}") = "JosephM.Xrm", "JosephM.Xrm\JosephM.Xrm.csproj", "{7F69213D-3EFB-4736-9962-0151F92FA7D4}"
EndProject
Project("{FAE04EC0-301F-11D3-BF4B-00C04F79EFBC}") = "JosephM.Xrm.Test", "JosephM.Xrm.Test\JosephM.Xrm.Test.csproj", "{5282BA96-7E87-49F3-9429-0CD8821EF4E5}"
EndProject
Project("{FAE04EC0-301F-11D3-BF4B-00C04F79EFBC}") = "JosephM.Record", "JosephM.Record\JosephM.Record.csproj", "{59CAC082-C1A8-474C-B73C-BC79267C9B51}"
EndProject
Project("{FAE04EC0-301F-11D3-BF4B-00C04F79EFBC}") = "JosephM.Record.Test", "JosephM.Record.Test\JosephM.Record.Test.csproj", "{5BD2132A-20D5-4A81-9CD4-E8BE6BC43C4F}"
EndProject
Project("{FAE04EC0-301F-11D3-BF4B-00C04F79EFBC}") = "JosephM.Application.ViewModel", "JosephM.Record.Application\JosephM.Application.ViewModel.csproj", "{8529CC18-AFDC-4222-B7B4-5305E3C97772}"
EndProject
Project("{FAE04EC0-301F-11D3-BF4B-00C04F79EFBC}") = "JosephM.Application.ViewModel.Test", "JosephM.Record.Application.Test\JosephM.Application.ViewModel.Test.csproj", "{AC605EE5-3FBC-458A-8CB6-E2958C974FA6}"
EndProject
Project("{FAE04EC0-301F-11D3-BF4B-00C04F79EFBC}") = "JosephM.Record.Xrm", "JosephM.Record.Xrm\JosephM.Record.Xrm.csproj", "{850BB50C-D03D-4C6B-8FBB-6055936148C8}"
EndProject
Project("{FAE04EC0-301F-11D3-BF4B-00C04F79EFBC}") = "JosephM.Record.Xrm.Test", "JosephM.Record.Xrm.Test\JosephM.Record.Xrm.Test.csproj", "{9DCC0511-0B90-4A74-BB91-83CEAA45EAA5}"
EndProject
Project("{FAE04EC0-301F-11D3-BF4B-00C04F79EFBC}") = "JosephM.Application.Prism", "JosephM.Prism.Infrastructure\JosephM.Application.Prism.csproj", "{18E53D06-7B26-4314-8B4E-454F78E53F8B}"
EndProject
Project("{FAE04EC0-301F-11D3-BF4B-00C04F79EFBC}") = "JosephM.Application.Prism.Test", "JosephM.Prism.Infrastructure.Test\JosephM.Application.Prism.Test.csproj", "{C0618FC1-E1CA-4B95-A8D1-0359594DA1B4}"
EndProject
Project("{FAE04EC0-301F-11D3-BF4B-00C04F79EFBC}") = "JosephM.Wpf", "JosephM.Wpf\JosephM.Wpf.csproj", "{ED23E8EF-1623-491E-A30F-BA55C8F65CE7}"
EndProject
Project("{FAE04EC0-301F-11D3-BF4B-00C04F79EFBC}") = "JosephM.Prism.XrmModule", "JosephM.Prism.XrmModule\JosephM.Prism.XrmModule.csproj", "{CA2BB834-77FA-43DB-8DDC-B0D1B5F519B9}"
EndProject
Project("{FAE04EC0-301F-11D3-BF4B-00C04F79EFBC}") = "JosephM.Prism.XrmModule.Test", "JosephM.Prism.XrmModule.Test\JosephM.Prism.XrmModule.Test.csproj", "{D4C2FA43-D7F4-45EE-93EA-34706F2007D5}"
EndProject
Project("{FAE04EC0-301F-11D3-BF4B-00C04F79EFBC}") = "JosephM.Xrm.MetadataImportExport", "JosephM.Xrm.MetadataImportExport\JosephM.Xrm.MetadataImportExport.csproj", "{73DF8422-96EE-46C2-B534-58BE8BB12678}"
EndProject
Project("{2150E333-8FDC-42A3-9474-1A3956D46DE8}") = "Shared", "Shared", "{6F4FE9AC-38A1-4C1D-AEEB-0F4E034F13ED}"
EndProject
Project("{FAE04EC0-301F-11D3-BF4B-00C04F79EFBC}") = "JosephM.CustomisationImporter", "JosephM.CustomisationImporter\JosephM.CustomisationImporter.csproj", "{1A1CFBA7-3BC0-4598-BDF0-CDE9634C506E}"
EndProject
Project("{FAE04EC0-301F-11D3-BF4B-00C04F79EFBC}") = "JosephM.CustomisationImporter.Test", "JosephM.CustomisationImporter.Test\JosephM.CustomisationImporter.Test.csproj", "{7CA06456-17EA-4A13-8E1F-CF8533E8A4F7}"
EndProject
Project("{FAE04EC0-301F-11D3-BF4B-00C04F79EFBC}") = "JosephM.Xrm.RecordExtract", "JosephM.Xrm.RecordExtract\JosephM.Xrm.RecordExtract.csproj", "{E9EF8691-923F-4738-AFA7-AF460BEDCCDA}"
EndProject
Project("{FAE04EC0-301F-11D3-BF4B-00C04F79EFBC}") = "JosephM.Xrm.RecordExtract.Test", "JosephM.Xrm.RecordExtract.Test\JosephM.Xrm.RecordExtract.Test.csproj", "{75C8A29D-5745-42B4-B48F-15EA035CA1CF}"
EndProject
Project("{FAE04EC0-301F-11D3-BF4B-00C04F79EFBC}") = "JosephM.Prism.TestModule", "JosephM.Prism.TestModule\JosephM.Prism.TestModule.csproj", "{4322B728-AAA7-45F0-9BDE-8F227FA8C73D}"
EndProject
Project("{FAE04EC0-301F-11D3-BF4B-00C04F79EFBC}") = "JosephM.Prism.TestPrismApplication", "JosephM.Prism.TestPrismApplication\JosephM.Prism.TestPrismApplication.csproj", "{82C502F7-067E-414B-ABCA-3C5856F96EDA}"
EndProject
Project("{FAE04EC0-301F-11D3-BF4B-00C04F79EFBC}") = "JosephM.Prism.XrmTestModule", "JosephM.Prism.XrmTestModule\JosephM.Prism.XrmTestModule.csproj", "{BB5BB40F-282B-4CF0-A165-533AB810D61D}"
EndProject
Project("{FAE04EC0-301F-11D3-BF4B-00C04F79EFBC}") = "JosephM.Prism.XrmDeveloperTool", "JosephM.Prism.XrmDeveloperTool\JosephM.Prism.XrmDeveloperTool.csproj", "{F303560E-2FD6-4198-BE27-3EAC2446103C}"
EndProject
Project("{FAE04EC0-301F-11D3-BF4B-00C04F79EFBC}") = "JosephM.Spreadsheet", "JosephM.Spreadsheet\JosephM.Spreadsheet.csproj", "{CAFB2299-A90B-4FAA-AAFA-9BB958742D45}"
EndProject
Project("{2150E333-8FDC-42A3-9474-1A3956D46DE8}") = "EncryptObject", "EncryptObject", "{31A0E44B-CA42-41D3-837D-1B5677F97245}"
EndProject
Project("{FAE04EC0-301F-11D3-BF4B-00C04F79EFBC}") = "JosephM.ObjectEncryption", "JosephM.ObjectEncryption\JosephM.ObjectEncryption.csproj", "{2FE73DC9-7959-4944-B594-29E73AA79604}"
EndProject
Project("{FAE04EC0-301F-11D3-BF4B-00C04F79EFBC}") = "JosephM.Record.Sql", "JosephM.Record.Sql\JosephM.Record.Sql.csproj", "{53651F05-D505-4D59-8FED-E723D26E491F}"
EndProject
Project("{2150E333-8FDC-42A3-9474-1A3956D46DE8}") = "Application", "Application", "{EA89F426-09BA-4F87-B5C5-17CFFB6A89F8}"
EndProject
Project("{FAE04EC0-301F-11D3-BF4B-00C04F79EFBC}") = "JosephM.Application", "JosephM.Application\JosephM.Application.csproj", "{7BF3E622-67CA-4E67-A9CA-F3B334C954FD}"
EndProject
Project("{FAE04EC0-301F-11D3-BF4B-00C04F79EFBC}") = "JosephM.Application.ViewModel.Fakes", "JosephM.Record.Application.Fakes\JosephM.Application.ViewModel.Fakes.csproj", "{9D3EB2D4-EC55-4080-938F-EA409162171D}"
EndProject
Project("{FAE04EC0-301F-11D3-BF4B-00C04F79EFBC}") = "JosephM.CodeGenerator", "JosephM.CodeGenerator\JosephM.CodeGenerator.csproj", "{0902CBF9-E77C-4B69-8021-3DA8E3999CCA}"
EndProject
Project("{FAE04EC0-301F-11D3-BF4B-00C04F79EFBC}") = "JosephM.CodeGenerator.Test", "JosephM.CodeGenerator.Test\JosephM.CodeGenerator.Test.csproj", "{B3005F0C-ACFC-4C16-8379-46B6DECA302A}"
EndProject
Project("{FAE04EC0-301F-11D3-BF4B-00C04F79EFBC}") = "JosephM.CustomisationExporter", "JosephM.CustomisationExporter\JosephM.CustomisationExporter.csproj", "{0A84403C-046E-48FF-967C-30CDDA6AF07A}"
EndProject
Project("{FAE04EC0-301F-11D3-BF4B-00C04F79EFBC}") = "JosephM.CustomisationExporter.Test", "JosephM.CustomisationExporter.Test\JosephM.CustomisationExporter.Test.csproj", "{E4394274-2B36-4F39-8228-D35C44EFA078}"
EndProject
Project("{FAE04EC0-301F-11D3-BF4B-00C04F79EFBC}") = "JosephM.ObjectEncryption.Test", "JosephM.ObjectEncryption.Test\JosephM.ObjectEncryption.Test.csproj", "{CDBE4B3F-5E45-417C-95EB-8745B4D2D77F}"
EndProject
Project("{FAE04EC0-301F-11D3-BF4B-00C04F79EFBC}") = "JosephM.Deployment", "JosephM.Deployment\JosephM.Deployment.csproj", "{82118987-FB76-4E70-81A0-06D0B062D89C}"
EndProject
Project("{FAE04EC0-301F-11D3-BF4B-00C04F79EFBC}") = "JosephM.Deployment.Test", "JosephM.Deployment.Test\JosephM.Deployment.Test.csproj", "{F52C0989-0F48-419A-B4CF-591F8ADA8DD1}"
EndProject
Project("{2150E333-8FDC-42A3-9474-1A3956D46DE8}") = "InstanceComparer", "InstanceComparer", "{7C85339E-A485-44A4-BCA0-C5A533AB3E01}"
EndProject
Project("{FAE04EC0-301F-11D3-BF4B-00C04F79EFBC}") = "JosephM.InstanceComparer", "JosephM.InstanceComparer\JosephM.InstanceComparer.csproj", "{9D2F8F1B-CB77-46F2-A32B-AA7D7959A1D0}"
EndProject
Project("{FAE04EC0-301F-11D3-BF4B-00C04F79EFBC}") = "JosephM.InstanceComparer.Test", "JosephM.InstanceComparer.Test\JosephM.InstanceComparer.Test.csproj", "{0AF18C1E-1FC2-4CF0-A077-DA24974C2C15}"
EndProject
Project("{2150E333-8FDC-42A3-9474-1A3956D46DE8}") = "VsPlugin", "VsPlugin", "{D1EC0D8E-2041-404C-B275-5623FDC27A14}"
EndProject
Project("{2150E333-8FDC-42A3-9474-1A3956D46DE8}") = "TemplateProjects", "TemplateProjects", "{F54DAEB3-F26D-41A6-93E4-3A3B7921A621}"
EndProject
Project("{FAE04EC0-301F-11D3-BF4B-00C04F79EFBC}") = "JosephM.Spreadsheet.Test", "JosephM.Spreadsheet.Test\JosephM.Spreadsheet.Test.csproj", "{C33164E5-3A07-409A-A330-250A0F323100}"
EndProject
Project("{2150E333-8FDC-42A3-9474-1A3956D46DE8}") = "RecordCounts", "RecordCounts", "{00A16CAB-0153-43C0-BB0B-C1D07AE6B242}"
EndProject
Project("{FAE04EC0-301F-11D3-BF4B-00C04F79EFBC}") = "JosephM.RecordCounts", "JosephM.RecordCounts\JosephM.RecordCounts.csproj", "{2B4C0363-133C-4A96-9D18-E3A90CA60F25}"
EndProject
Project("{FAE04EC0-301F-11D3-BF4B-00C04F79EFBC}") = "JosephM.RecordCounts.Test", "JosephM.RecordCounts.Test\JosephM.RecordCounts.Test.csproj", "{5F2C8D8F-0475-4583-A4E9-40B5ACF6050C}"
EndProject
Project("{FAE04EC0-301F-11D3-BF4B-00C04F79EFBC}") = "JosephM.Xrm.Vsix", "JosephM.Xrm.Vsix\JosephM.Xrm.Vsix.csproj", "{C034F8D0-95C6-44DC-97D1-3647D9463149}"
EndProject
Project("{FAE04EC0-301F-11D3-BF4B-00C04F79EFBC}") = "JosephM.Xrm.SolutionTemplate", "JosephM.Xrm.SolutionTemplate\JosephM.Xrm.SolutionTemplate.csproj", "{CF4B064A-6055-4A0C-B658-A2ADBBEA478E}"
EndProject
Project("{FAE04EC0-301F-11D3-BF4B-00C04F79EFBC}") = "JosephM.Xrm.Vsix.Test", "JosephM.Xrm.Vsix.Test\JosephM.Xrm.Vsix.Test.csproj", "{F5EC8E25-2152-448D-9459-8F0EF9933B3B}"
EndProject
Project("{54435603-DBB4-11D2-8724-00A0C9A8B90C}") = "JosephM.XrmDeveloperTool.Installer", "JosephM.XrmDeveloperTool.Installer\JosephM.XrmDeveloperTool.Installer.vdproj", "{E749D196-1F6A-4C26-9BEA-BAA8ABD55AD1}"
EndProject
Project("{FAE04EC0-301F-11D3-BF4B-00C04F79EFBC}") = "JosephM.Xrm.Plugins", "JosephM.Xrm.SolutionTemplate\JosephM.Xrm.Plugins\JosephM.Xrm.Plugins.csproj", "{2CC0419A-9CDF-46AF-8F7B-4839DD5F39B5}"
EndProject
Project("{FAE04EC0-301F-11D3-BF4B-00C04F79EFBC}") = "JosephM.Xrm.Console", "JosephM.Xrm.SolutionTemplate\JosephM.Xrm.Console\JosephM.Xrm.Console.csproj", "{147ACA64-2605-4157-9AED-B512B3E327CC}"
EndProject
Project("{FAE04EC0-301F-11D3-BF4B-00C04F79EFBC}") = "JosephM.Xrm.WebResources", "JosephM.Xrm.SolutionTemplate\JosephM.Xrm.WebResources\JosephM.Xrm.WebResources.csproj", "{8BC56C3D-4289-4507-B0D9-321DF90F3E1E}"
EndProject
Project("{FAE04EC0-301F-11D3-BF4B-00C04F79EFBC}") = "JosephM.Xrm.Plugins.Test", "JosephM.Xrm.SolutionTemplate\JosephM.Xrm.Plugins.Test\JosephM.Xrm.Plugins.Test.csproj", "{F59E6AEF-2023-472F-988B-23B5FBBE3322}"
EndProject
Project("{FAE04EC0-301F-11D3-BF4B-00C04F79EFBC}") = "JosephM.Xrm.Vsix.TestShell", "JosephM.Xrm.Vsix.TestShell\JosephM.Xrm.Vsix.TestShell.csproj", "{D87A6C55-1732-41E1-A005-23ED646A2278}"
EndProject
Project("{FAE04EC0-301F-11D3-BF4B-00C04F79EFBC}") = "JosephM.Xrm.Vsix.App", "JosephM.Xrm.Vsix.App\JosephM.Xrm.Vsix.App.csproj", "{98D77F01-114B-4130-8C7C-2FF58425C34B}"
EndProject
Project("{2150E333-8FDC-42A3-9474-1A3956D46DE8}") = "TestPluginAssemblyBin", "TestPluginAssemblyBin", "{18224EDC-517B-4B50-8E12-5CAB49DA70DA}"
	ProjectSection(SolutionItems) = preProject
		SolutionItems\TestPluginAssemblyBin\Microsoft.Crm.Sdk.Proxy.dll = SolutionItems\TestPluginAssemblyBin\Microsoft.Crm.Sdk.Proxy.dll
		SolutionItems\TestPluginAssemblyBin\Microsoft.Xrm.Client.dll = SolutionItems\TestPluginAssemblyBin\Microsoft.Xrm.Client.dll
		SolutionItems\TestPluginAssemblyBin\Microsoft.Xrm.Sdk.dll = SolutionItems\TestPluginAssemblyBin\Microsoft.Xrm.Sdk.dll
		SolutionItems\TestPluginAssemblyBin\Microsoft.Xrm.Sdk.Workflow.dll = SolutionItems\TestPluginAssemblyBin\Microsoft.Xrm.Sdk.Workflow.dll
		SolutionItems\TestPluginAssemblyBin\TestXrmSolution.Plugins.dll = SolutionItems\TestPluginAssemblyBin\TestXrmSolution.Plugins.dll
		SolutionItems\TestPluginAssemblyBin\TestXrmSolution.Plugins.dll.config = SolutionItems\TestPluginAssemblyBin\TestXrmSolution.Plugins.dll.config
	EndProjectSection
EndProject
Project("{2150E333-8FDC-42A3-9474-1A3956D46DE8}") = "TestFiles", "TestFiles", "{750AC5D1-B85A-4912-8F27-1BC6541F79AA}"
EndProject
Project("{2150E333-8FDC-42A3-9474-1A3956D46DE8}") = "JavaScript", "JavaScript", "{27A28916-7E62-4060-B79F-EC23944F71F4}"
	ProjectSection(SolutionItems) = preProject
		SolutionItems\TestFiles\JavaScript\testxrmsolution_entity.js = SolutionItems\TestFiles\JavaScript\testxrmsolution_entity.js
		SolutionItems\TestFiles\JavaScript\testxrmsolution_jquery.js = SolutionItems\TestFiles\JavaScript\testxrmsolution_jquery.js
		SolutionItems\TestFiles\JavaScript\testxrmsolution_pageutility.js = SolutionItems\TestFiles\JavaScript\testxrmsolution_pageutility.js
		SolutionItems\TestFiles\JavaScript\testxrmsolution_sdk.rest.js = SolutionItems\TestFiles\JavaScript\testxrmsolution_sdk.rest.js
		SolutionItems\TestFiles\JavaScript\testxrmsolution_webserviceutility.js = SolutionItems\TestFiles\JavaScript\testxrmsolution_webserviceutility.js
	EndProjectSection
EndProject
Project("{FAE04EC0-301F-11D3-BF4B-00C04F79EFBC}") = "JosephM.Application.Prism.Console", "JosephM.Application.Prism.Console\JosephM.Application.Prism.Console.csproj", "{69B9950E-85BE-4AA4-9D8F-FE21639F124F}"
EndProject
Project("{FAE04EC0-301F-11D3-BF4B-00C04F79EFBC}") = "JosephM.Application.Prism.Console.Test", "JosephM.Application.Prism.Console.Test\JosephM.Application.Prism.Console.Test.csproj", "{301B6CDF-DC9C-42BA-874A-EBA0C05214A3}"
EndProject
Global
	GlobalSection(SolutionConfigurationPlatforms) = preSolution
		Debug|Any CPU = Debug|Any CPU
		Debug|Mixed Platforms = Debug|Mixed Platforms
		Debug|x86 = Debug|x86
		Release|Any CPU = Release|Any CPU
		Release|Mixed Platforms = Release|Mixed Platforms
		Release|x86 = Release|x86
	EndGlobalSection
	GlobalSection(ProjectConfigurationPlatforms) = postSolution
		{C29B8A9A-3831-41C2-A0C1-EA1B265D696F}.Debug|Any CPU.ActiveCfg = Debug|Any CPU
		{C29B8A9A-3831-41C2-A0C1-EA1B265D696F}.Debug|Any CPU.Build.0 = Debug|Any CPU
		{C29B8A9A-3831-41C2-A0C1-EA1B265D696F}.Debug|Mixed Platforms.ActiveCfg = Debug|Any CPU
		{C29B8A9A-3831-41C2-A0C1-EA1B265D696F}.Debug|Mixed Platforms.Build.0 = Debug|Any CPU
		{C29B8A9A-3831-41C2-A0C1-EA1B265D696F}.Debug|x86.ActiveCfg = Debug|x86
		{C29B8A9A-3831-41C2-A0C1-EA1B265D696F}.Debug|x86.Build.0 = Debug|x86
		{C29B8A9A-3831-41C2-A0C1-EA1B265D696F}.Release|Any CPU.ActiveCfg = Release|Any CPU
		{C29B8A9A-3831-41C2-A0C1-EA1B265D696F}.Release|Any CPU.Build.0 = Release|Any CPU
		{C29B8A9A-3831-41C2-A0C1-EA1B265D696F}.Release|Mixed Platforms.ActiveCfg = Release|Any CPU
		{C29B8A9A-3831-41C2-A0C1-EA1B265D696F}.Release|Mixed Platforms.Build.0 = Release|Any CPU
		{C29B8A9A-3831-41C2-A0C1-EA1B265D696F}.Release|x86.ActiveCfg = Release|x86
		{C29B8A9A-3831-41C2-A0C1-EA1B265D696F}.Release|x86.Build.0 = Release|x86
		{7A4CE94B-1F3B-46F0-9C7F-9F2CB5B3C5E8}.Debug|Any CPU.ActiveCfg = Debug|Any CPU
		{7A4CE94B-1F3B-46F0-9C7F-9F2CB5B3C5E8}.Debug|Any CPU.Build.0 = Debug|Any CPU
		{7A4CE94B-1F3B-46F0-9C7F-9F2CB5B3C5E8}.Debug|Mixed Platforms.ActiveCfg = Debug|Any CPU
		{7A4CE94B-1F3B-46F0-9C7F-9F2CB5B3C5E8}.Debug|Mixed Platforms.Build.0 = Debug|Any CPU
		{7A4CE94B-1F3B-46F0-9C7F-9F2CB5B3C5E8}.Debug|x86.ActiveCfg = Debug|Any CPU
		{7A4CE94B-1F3B-46F0-9C7F-9F2CB5B3C5E8}.Debug|x86.Build.0 = Debug|Any CPU
		{7A4CE94B-1F3B-46F0-9C7F-9F2CB5B3C5E8}.Release|Any CPU.ActiveCfg = Release|Any CPU
		{7A4CE94B-1F3B-46F0-9C7F-9F2CB5B3C5E8}.Release|Any CPU.Build.0 = Release|Any CPU
		{7A4CE94B-1F3B-46F0-9C7F-9F2CB5B3C5E8}.Release|Mixed Platforms.ActiveCfg = Release|Any CPU
		{7A4CE94B-1F3B-46F0-9C7F-9F2CB5B3C5E8}.Release|Mixed Platforms.Build.0 = Release|Any CPU
		{7A4CE94B-1F3B-46F0-9C7F-9F2CB5B3C5E8}.Release|x86.ActiveCfg = Release|Any CPU
		{EB4443BD-DEAD-4546-9C8C-BFC2A807AF3A}.Debug|Any CPU.ActiveCfg = Debug|Any CPU
		{EB4443BD-DEAD-4546-9C8C-BFC2A807AF3A}.Debug|Any CPU.Build.0 = Debug|Any CPU
		{EB4443BD-DEAD-4546-9C8C-BFC2A807AF3A}.Debug|Mixed Platforms.ActiveCfg = Debug|Any CPU
		{EB4443BD-DEAD-4546-9C8C-BFC2A807AF3A}.Debug|Mixed Platforms.Build.0 = Debug|Any CPU
		{EB4443BD-DEAD-4546-9C8C-BFC2A807AF3A}.Debug|x86.ActiveCfg = Debug|Any CPU
		{EB4443BD-DEAD-4546-9C8C-BFC2A807AF3A}.Debug|x86.Build.0 = Debug|Any CPU
		{EB4443BD-DEAD-4546-9C8C-BFC2A807AF3A}.Release|Any CPU.ActiveCfg = Release|Any CPU
		{EB4443BD-DEAD-4546-9C8C-BFC2A807AF3A}.Release|Any CPU.Build.0 = Release|Any CPU
		{EB4443BD-DEAD-4546-9C8C-BFC2A807AF3A}.Release|Mixed Platforms.ActiveCfg = Release|Any CPU
		{EB4443BD-DEAD-4546-9C8C-BFC2A807AF3A}.Release|Mixed Platforms.Build.0 = Release|Any CPU
		{EB4443BD-DEAD-4546-9C8C-BFC2A807AF3A}.Release|x86.ActiveCfg = Release|Any CPU
		{3962E918-9797-45EB-9E5B-E28229D5BE33}.Debug|Any CPU.ActiveCfg = Debug|Any CPU
		{3962E918-9797-45EB-9E5B-E28229D5BE33}.Debug|Any CPU.Build.0 = Debug|Any CPU
		{3962E918-9797-45EB-9E5B-E28229D5BE33}.Debug|Mixed Platforms.ActiveCfg = Debug|Any CPU
		{3962E918-9797-45EB-9E5B-E28229D5BE33}.Debug|Mixed Platforms.Build.0 = Debug|Any CPU
		{3962E918-9797-45EB-9E5B-E28229D5BE33}.Debug|x86.ActiveCfg = Debug|Any CPU
		{3962E918-9797-45EB-9E5B-E28229D5BE33}.Debug|x86.Build.0 = Debug|Any CPU
		{3962E918-9797-45EB-9E5B-E28229D5BE33}.Release|Any CPU.ActiveCfg = Release|Any CPU
		{3962E918-9797-45EB-9E5B-E28229D5BE33}.Release|Any CPU.Build.0 = Release|Any CPU
		{3962E918-9797-45EB-9E5B-E28229D5BE33}.Release|Mixed Platforms.ActiveCfg = Release|Any CPU
		{3962E918-9797-45EB-9E5B-E28229D5BE33}.Release|Mixed Platforms.Build.0 = Release|Any CPU
		{3962E918-9797-45EB-9E5B-E28229D5BE33}.Release|x86.ActiveCfg = Release|Any CPU
		{7F69213D-3EFB-4736-9962-0151F92FA7D4}.Debug|Any CPU.ActiveCfg = Debug|Any CPU
		{7F69213D-3EFB-4736-9962-0151F92FA7D4}.Debug|Any CPU.Build.0 = Debug|Any CPU
		{7F69213D-3EFB-4736-9962-0151F92FA7D4}.Debug|Mixed Platforms.ActiveCfg = Debug|Any CPU
		{7F69213D-3EFB-4736-9962-0151F92FA7D4}.Debug|Mixed Platforms.Build.0 = Debug|Any CPU
		{7F69213D-3EFB-4736-9962-0151F92FA7D4}.Debug|x86.ActiveCfg = Debug|x86
		{7F69213D-3EFB-4736-9962-0151F92FA7D4}.Debug|x86.Build.0 = Debug|x86
		{7F69213D-3EFB-4736-9962-0151F92FA7D4}.Release|Any CPU.ActiveCfg = Release|Any CPU
		{7F69213D-3EFB-4736-9962-0151F92FA7D4}.Release|Any CPU.Build.0 = Release|Any CPU
		{7F69213D-3EFB-4736-9962-0151F92FA7D4}.Release|Mixed Platforms.ActiveCfg = Release|Any CPU
		{7F69213D-3EFB-4736-9962-0151F92FA7D4}.Release|Mixed Platforms.Build.0 = Release|Any CPU
		{7F69213D-3EFB-4736-9962-0151F92FA7D4}.Release|x86.ActiveCfg = Release|x86
		{7F69213D-3EFB-4736-9962-0151F92FA7D4}.Release|x86.Build.0 = Release|x86
		{5282BA96-7E87-49F3-9429-0CD8821EF4E5}.Debug|Any CPU.ActiveCfg = Debug|Any CPU
		{5282BA96-7E87-49F3-9429-0CD8821EF4E5}.Debug|Any CPU.Build.0 = Debug|Any CPU
		{5282BA96-7E87-49F3-9429-0CD8821EF4E5}.Debug|Mixed Platforms.ActiveCfg = Debug|Any CPU
		{5282BA96-7E87-49F3-9429-0CD8821EF4E5}.Debug|Mixed Platforms.Build.0 = Debug|Any CPU
		{5282BA96-7E87-49F3-9429-0CD8821EF4E5}.Debug|x86.ActiveCfg = Debug|Any CPU
		{5282BA96-7E87-49F3-9429-0CD8821EF4E5}.Debug|x86.Build.0 = Debug|Any CPU
		{5282BA96-7E87-49F3-9429-0CD8821EF4E5}.Release|Any CPU.ActiveCfg = Release|Any CPU
		{5282BA96-7E87-49F3-9429-0CD8821EF4E5}.Release|Any CPU.Build.0 = Release|Any CPU
		{5282BA96-7E87-49F3-9429-0CD8821EF4E5}.Release|Mixed Platforms.ActiveCfg = Release|Any CPU
		{5282BA96-7E87-49F3-9429-0CD8821EF4E5}.Release|Mixed Platforms.Build.0 = Release|Any CPU
		{5282BA96-7E87-49F3-9429-0CD8821EF4E5}.Release|x86.ActiveCfg = Release|Any CPU
		{59CAC082-C1A8-474C-B73C-BC79267C9B51}.Debug|Any CPU.ActiveCfg = Debug|Any CPU
		{59CAC082-C1A8-474C-B73C-BC79267C9B51}.Debug|Any CPU.Build.0 = Debug|Any CPU
		{59CAC082-C1A8-474C-B73C-BC79267C9B51}.Debug|Mixed Platforms.ActiveCfg = Debug|Any CPU
		{59CAC082-C1A8-474C-B73C-BC79267C9B51}.Debug|Mixed Platforms.Build.0 = Debug|Any CPU
		{59CAC082-C1A8-474C-B73C-BC79267C9B51}.Debug|x86.ActiveCfg = Debug|x86
		{59CAC082-C1A8-474C-B73C-BC79267C9B51}.Debug|x86.Build.0 = Debug|x86
		{59CAC082-C1A8-474C-B73C-BC79267C9B51}.Release|Any CPU.ActiveCfg = Release|Any CPU
		{59CAC082-C1A8-474C-B73C-BC79267C9B51}.Release|Any CPU.Build.0 = Release|Any CPU
		{59CAC082-C1A8-474C-B73C-BC79267C9B51}.Release|Mixed Platforms.ActiveCfg = Release|Any CPU
		{59CAC082-C1A8-474C-B73C-BC79267C9B51}.Release|Mixed Platforms.Build.0 = Release|Any CPU
		{59CAC082-C1A8-474C-B73C-BC79267C9B51}.Release|x86.ActiveCfg = Release|x86
		{59CAC082-C1A8-474C-B73C-BC79267C9B51}.Release|x86.Build.0 = Release|x86
		{5BD2132A-20D5-4A81-9CD4-E8BE6BC43C4F}.Debug|Any CPU.ActiveCfg = Debug|Any CPU
		{5BD2132A-20D5-4A81-9CD4-E8BE6BC43C4F}.Debug|Any CPU.Build.0 = Debug|Any CPU
		{5BD2132A-20D5-4A81-9CD4-E8BE6BC43C4F}.Debug|Mixed Platforms.ActiveCfg = Debug|Any CPU
		{5BD2132A-20D5-4A81-9CD4-E8BE6BC43C4F}.Debug|Mixed Platforms.Build.0 = Debug|Any CPU
		{5BD2132A-20D5-4A81-9CD4-E8BE6BC43C4F}.Debug|x86.ActiveCfg = Debug|Any CPU
		{5BD2132A-20D5-4A81-9CD4-E8BE6BC43C4F}.Debug|x86.Build.0 = Debug|Any CPU
		{5BD2132A-20D5-4A81-9CD4-E8BE6BC43C4F}.Release|Any CPU.ActiveCfg = Release|Any CPU
		{5BD2132A-20D5-4A81-9CD4-E8BE6BC43C4F}.Release|Any CPU.Build.0 = Release|Any CPU
		{5BD2132A-20D5-4A81-9CD4-E8BE6BC43C4F}.Release|Mixed Platforms.ActiveCfg = Release|Any CPU
		{5BD2132A-20D5-4A81-9CD4-E8BE6BC43C4F}.Release|Mixed Platforms.Build.0 = Release|Any CPU
		{5BD2132A-20D5-4A81-9CD4-E8BE6BC43C4F}.Release|x86.ActiveCfg = Release|Any CPU
		{8529CC18-AFDC-4222-B7B4-5305E3C97772}.Debug|Any CPU.ActiveCfg = Debug|Any CPU
		{8529CC18-AFDC-4222-B7B4-5305E3C97772}.Debug|Any CPU.Build.0 = Debug|Any CPU
		{8529CC18-AFDC-4222-B7B4-5305E3C97772}.Debug|Mixed Platforms.ActiveCfg = Debug|Any CPU
		{8529CC18-AFDC-4222-B7B4-5305E3C97772}.Debug|Mixed Platforms.Build.0 = Debug|Any CPU
		{8529CC18-AFDC-4222-B7B4-5305E3C97772}.Debug|x86.ActiveCfg = Debug|x86
		{8529CC18-AFDC-4222-B7B4-5305E3C97772}.Debug|x86.Build.0 = Debug|x86
		{8529CC18-AFDC-4222-B7B4-5305E3C97772}.Release|Any CPU.ActiveCfg = Release|Any CPU
		{8529CC18-AFDC-4222-B7B4-5305E3C97772}.Release|Any CPU.Build.0 = Release|Any CPU
		{8529CC18-AFDC-4222-B7B4-5305E3C97772}.Release|Mixed Platforms.ActiveCfg = Release|Any CPU
		{8529CC18-AFDC-4222-B7B4-5305E3C97772}.Release|Mixed Platforms.Build.0 = Release|Any CPU
		{8529CC18-AFDC-4222-B7B4-5305E3C97772}.Release|x86.ActiveCfg = Release|x86
		{8529CC18-AFDC-4222-B7B4-5305E3C97772}.Release|x86.Build.0 = Release|x86
		{AC605EE5-3FBC-458A-8CB6-E2958C974FA6}.Debug|Any CPU.ActiveCfg = Debug|Any CPU
		{AC605EE5-3FBC-458A-8CB6-E2958C974FA6}.Debug|Any CPU.Build.0 = Debug|Any CPU
		{AC605EE5-3FBC-458A-8CB6-E2958C974FA6}.Debug|Mixed Platforms.ActiveCfg = Debug|Any CPU
		{AC605EE5-3FBC-458A-8CB6-E2958C974FA6}.Debug|Mixed Platforms.Build.0 = Debug|Any CPU
		{AC605EE5-3FBC-458A-8CB6-E2958C974FA6}.Debug|x86.ActiveCfg = Debug|Any CPU
		{AC605EE5-3FBC-458A-8CB6-E2958C974FA6}.Debug|x86.Build.0 = Debug|Any CPU
		{AC605EE5-3FBC-458A-8CB6-E2958C974FA6}.Release|Any CPU.ActiveCfg = Release|Any CPU
		{AC605EE5-3FBC-458A-8CB6-E2958C974FA6}.Release|Any CPU.Build.0 = Release|Any CPU
		{AC605EE5-3FBC-458A-8CB6-E2958C974FA6}.Release|Mixed Platforms.ActiveCfg = Release|Any CPU
		{AC605EE5-3FBC-458A-8CB6-E2958C974FA6}.Release|Mixed Platforms.Build.0 = Release|Any CPU
		{AC605EE5-3FBC-458A-8CB6-E2958C974FA6}.Release|x86.ActiveCfg = Release|Any CPU
		{850BB50C-D03D-4C6B-8FBB-6055936148C8}.Debug|Any CPU.ActiveCfg = Debug|Any CPU
		{850BB50C-D03D-4C6B-8FBB-6055936148C8}.Debug|Any CPU.Build.0 = Debug|Any CPU
		{850BB50C-D03D-4C6B-8FBB-6055936148C8}.Debug|Mixed Platforms.ActiveCfg = Debug|Any CPU
		{850BB50C-D03D-4C6B-8FBB-6055936148C8}.Debug|Mixed Platforms.Build.0 = Debug|Any CPU
		{850BB50C-D03D-4C6B-8FBB-6055936148C8}.Debug|x86.ActiveCfg = Debug|x86
		{850BB50C-D03D-4C6B-8FBB-6055936148C8}.Debug|x86.Build.0 = Debug|x86
		{850BB50C-D03D-4C6B-8FBB-6055936148C8}.Release|Any CPU.ActiveCfg = Release|Any CPU
		{850BB50C-D03D-4C6B-8FBB-6055936148C8}.Release|Any CPU.Build.0 = Release|Any CPU
		{850BB50C-D03D-4C6B-8FBB-6055936148C8}.Release|Mixed Platforms.ActiveCfg = Release|Any CPU
		{850BB50C-D03D-4C6B-8FBB-6055936148C8}.Release|Mixed Platforms.Build.0 = Release|Any CPU
		{850BB50C-D03D-4C6B-8FBB-6055936148C8}.Release|x86.ActiveCfg = Release|x86
		{850BB50C-D03D-4C6B-8FBB-6055936148C8}.Release|x86.Build.0 = Release|x86
		{9DCC0511-0B90-4A74-BB91-83CEAA45EAA5}.Debug|Any CPU.ActiveCfg = Debug|Any CPU
		{9DCC0511-0B90-4A74-BB91-83CEAA45EAA5}.Debug|Any CPU.Build.0 = Debug|Any CPU
		{9DCC0511-0B90-4A74-BB91-83CEAA45EAA5}.Debug|Mixed Platforms.ActiveCfg = Debug|Any CPU
		{9DCC0511-0B90-4A74-BB91-83CEAA45EAA5}.Debug|Mixed Platforms.Build.0 = Debug|Any CPU
		{9DCC0511-0B90-4A74-BB91-83CEAA45EAA5}.Debug|x86.ActiveCfg = Debug|Any CPU
		{9DCC0511-0B90-4A74-BB91-83CEAA45EAA5}.Debug|x86.Build.0 = Debug|Any CPU
		{9DCC0511-0B90-4A74-BB91-83CEAA45EAA5}.Release|Any CPU.ActiveCfg = Release|Any CPU
		{9DCC0511-0B90-4A74-BB91-83CEAA45EAA5}.Release|Any CPU.Build.0 = Release|Any CPU
		{9DCC0511-0B90-4A74-BB91-83CEAA45EAA5}.Release|Mixed Platforms.ActiveCfg = Release|Any CPU
		{9DCC0511-0B90-4A74-BB91-83CEAA45EAA5}.Release|Mixed Platforms.Build.0 = Release|Any CPU
		{9DCC0511-0B90-4A74-BB91-83CEAA45EAA5}.Release|x86.ActiveCfg = Release|Any CPU
		{18E53D06-7B26-4314-8B4E-454F78E53F8B}.Debug|Any CPU.ActiveCfg = Debug|Any CPU
		{18E53D06-7B26-4314-8B4E-454F78E53F8B}.Debug|Any CPU.Build.0 = Debug|Any CPU
		{18E53D06-7B26-4314-8B4E-454F78E53F8B}.Debug|Mixed Platforms.ActiveCfg = Debug|Any CPU
		{18E53D06-7B26-4314-8B4E-454F78E53F8B}.Debug|Mixed Platforms.Build.0 = Debug|Any CPU
		{18E53D06-7B26-4314-8B4E-454F78E53F8B}.Debug|x86.ActiveCfg = Debug|x86
		{18E53D06-7B26-4314-8B4E-454F78E53F8B}.Debug|x86.Build.0 = Debug|x86
		{18E53D06-7B26-4314-8B4E-454F78E53F8B}.Release|Any CPU.ActiveCfg = Release|Any CPU
		{18E53D06-7B26-4314-8B4E-454F78E53F8B}.Release|Any CPU.Build.0 = Release|Any CPU
		{18E53D06-7B26-4314-8B4E-454F78E53F8B}.Release|Mixed Platforms.ActiveCfg = Release|Any CPU
		{18E53D06-7B26-4314-8B4E-454F78E53F8B}.Release|Mixed Platforms.Build.0 = Release|Any CPU
		{18E53D06-7B26-4314-8B4E-454F78E53F8B}.Release|x86.ActiveCfg = Release|x86
		{18E53D06-7B26-4314-8B4E-454F78E53F8B}.Release|x86.Build.0 = Release|x86
		{C0618FC1-E1CA-4B95-A8D1-0359594DA1B4}.Debug|Any CPU.ActiveCfg = Debug|Any CPU
		{C0618FC1-E1CA-4B95-A8D1-0359594DA1B4}.Debug|Any CPU.Build.0 = Debug|Any CPU
		{C0618FC1-E1CA-4B95-A8D1-0359594DA1B4}.Debug|Mixed Platforms.ActiveCfg = Debug|Any CPU
		{C0618FC1-E1CA-4B95-A8D1-0359594DA1B4}.Debug|Mixed Platforms.Build.0 = Debug|Any CPU
		{C0618FC1-E1CA-4B95-A8D1-0359594DA1B4}.Debug|x86.ActiveCfg = Debug|Any CPU
		{C0618FC1-E1CA-4B95-A8D1-0359594DA1B4}.Debug|x86.Build.0 = Debug|Any CPU
		{C0618FC1-E1CA-4B95-A8D1-0359594DA1B4}.Release|Any CPU.ActiveCfg = Release|Any CPU
		{C0618FC1-E1CA-4B95-A8D1-0359594DA1B4}.Release|Any CPU.Build.0 = Release|Any CPU
		{C0618FC1-E1CA-4B95-A8D1-0359594DA1B4}.Release|Mixed Platforms.ActiveCfg = Release|Any CPU
		{C0618FC1-E1CA-4B95-A8D1-0359594DA1B4}.Release|Mixed Platforms.Build.0 = Release|Any CPU
		{C0618FC1-E1CA-4B95-A8D1-0359594DA1B4}.Release|x86.ActiveCfg = Release|Any CPU
		{ED23E8EF-1623-491E-A30F-BA55C8F65CE7}.Debug|Any CPU.ActiveCfg = Debug|Any CPU
		{ED23E8EF-1623-491E-A30F-BA55C8F65CE7}.Debug|Any CPU.Build.0 = Debug|Any CPU
		{ED23E8EF-1623-491E-A30F-BA55C8F65CE7}.Debug|Mixed Platforms.ActiveCfg = Debug|Any CPU
		{ED23E8EF-1623-491E-A30F-BA55C8F65CE7}.Debug|Mixed Platforms.Build.0 = Debug|Any CPU
		{ED23E8EF-1623-491E-A30F-BA55C8F65CE7}.Debug|x86.ActiveCfg = Debug|x86
		{ED23E8EF-1623-491E-A30F-BA55C8F65CE7}.Debug|x86.Build.0 = Debug|x86
		{ED23E8EF-1623-491E-A30F-BA55C8F65CE7}.Release|Any CPU.ActiveCfg = Release|Any CPU
		{ED23E8EF-1623-491E-A30F-BA55C8F65CE7}.Release|Any CPU.Build.0 = Release|Any CPU
		{ED23E8EF-1623-491E-A30F-BA55C8F65CE7}.Release|Mixed Platforms.ActiveCfg = Release|Any CPU
		{ED23E8EF-1623-491E-A30F-BA55C8F65CE7}.Release|Mixed Platforms.Build.0 = Release|Any CPU
		{ED23E8EF-1623-491E-A30F-BA55C8F65CE7}.Release|x86.ActiveCfg = Release|x86
		{ED23E8EF-1623-491E-A30F-BA55C8F65CE7}.Release|x86.Build.0 = Release|x86
		{CA2BB834-77FA-43DB-8DDC-B0D1B5F519B9}.Debug|Any CPU.ActiveCfg = Debug|Any CPU
		{CA2BB834-77FA-43DB-8DDC-B0D1B5F519B9}.Debug|Any CPU.Build.0 = Debug|Any CPU
		{CA2BB834-77FA-43DB-8DDC-B0D1B5F519B9}.Debug|Mixed Platforms.ActiveCfg = Debug|Any CPU
		{CA2BB834-77FA-43DB-8DDC-B0D1B5F519B9}.Debug|Mixed Platforms.Build.0 = Debug|Any CPU
		{CA2BB834-77FA-43DB-8DDC-B0D1B5F519B9}.Debug|x86.ActiveCfg = Debug|x86
		{CA2BB834-77FA-43DB-8DDC-B0D1B5F519B9}.Debug|x86.Build.0 = Debug|x86
		{CA2BB834-77FA-43DB-8DDC-B0D1B5F519B9}.Release|Any CPU.ActiveCfg = Release|Any CPU
		{CA2BB834-77FA-43DB-8DDC-B0D1B5F519B9}.Release|Any CPU.Build.0 = Release|Any CPU
		{CA2BB834-77FA-43DB-8DDC-B0D1B5F519B9}.Release|Mixed Platforms.ActiveCfg = Release|Any CPU
		{CA2BB834-77FA-43DB-8DDC-B0D1B5F519B9}.Release|Mixed Platforms.Build.0 = Release|Any CPU
		{CA2BB834-77FA-43DB-8DDC-B0D1B5F519B9}.Release|x86.ActiveCfg = Release|x86
		{CA2BB834-77FA-43DB-8DDC-B0D1B5F519B9}.Release|x86.Build.0 = Release|x86
		{D4C2FA43-D7F4-45EE-93EA-34706F2007D5}.Debug|Any CPU.ActiveCfg = Debug|Any CPU
		{D4C2FA43-D7F4-45EE-93EA-34706F2007D5}.Debug|Any CPU.Build.0 = Debug|Any CPU
		{D4C2FA43-D7F4-45EE-93EA-34706F2007D5}.Debug|Mixed Platforms.ActiveCfg = Debug|Any CPU
		{D4C2FA43-D7F4-45EE-93EA-34706F2007D5}.Debug|Mixed Platforms.Build.0 = Debug|Any CPU
		{D4C2FA43-D7F4-45EE-93EA-34706F2007D5}.Debug|x86.ActiveCfg = Debug|Any CPU
		{D4C2FA43-D7F4-45EE-93EA-34706F2007D5}.Debug|x86.Build.0 = Debug|Any CPU
		{D4C2FA43-D7F4-45EE-93EA-34706F2007D5}.Release|Any CPU.ActiveCfg = Release|Any CPU
		{D4C2FA43-D7F4-45EE-93EA-34706F2007D5}.Release|Any CPU.Build.0 = Release|Any CPU
		{D4C2FA43-D7F4-45EE-93EA-34706F2007D5}.Release|Mixed Platforms.ActiveCfg = Release|Any CPU
		{D4C2FA43-D7F4-45EE-93EA-34706F2007D5}.Release|Mixed Platforms.Build.0 = Release|Any CPU
		{D4C2FA43-D7F4-45EE-93EA-34706F2007D5}.Release|x86.ActiveCfg = Release|Any CPU
		{73DF8422-96EE-46C2-B534-58BE8BB12678}.Debug|Any CPU.ActiveCfg = Debug|Any CPU
		{73DF8422-96EE-46C2-B534-58BE8BB12678}.Debug|Any CPU.Build.0 = Debug|Any CPU
		{73DF8422-96EE-46C2-B534-58BE8BB12678}.Debug|Mixed Platforms.ActiveCfg = Debug|Any CPU
		{73DF8422-96EE-46C2-B534-58BE8BB12678}.Debug|Mixed Platforms.Build.0 = Debug|Any CPU
		{73DF8422-96EE-46C2-B534-58BE8BB12678}.Debug|x86.ActiveCfg = Debug|x86
		{73DF8422-96EE-46C2-B534-58BE8BB12678}.Debug|x86.Build.0 = Debug|x86
		{73DF8422-96EE-46C2-B534-58BE8BB12678}.Release|Any CPU.ActiveCfg = Release|Any CPU
		{73DF8422-96EE-46C2-B534-58BE8BB12678}.Release|Any CPU.Build.0 = Release|Any CPU
		{73DF8422-96EE-46C2-B534-58BE8BB12678}.Release|Mixed Platforms.ActiveCfg = Release|Any CPU
		{73DF8422-96EE-46C2-B534-58BE8BB12678}.Release|Mixed Platforms.Build.0 = Release|Any CPU
		{73DF8422-96EE-46C2-B534-58BE8BB12678}.Release|x86.ActiveCfg = Release|x86
		{73DF8422-96EE-46C2-B534-58BE8BB12678}.Release|x86.Build.0 = Release|x86
		{1A1CFBA7-3BC0-4598-BDF0-CDE9634C506E}.Debug|Any CPU.ActiveCfg = Debug|Any CPU
		{1A1CFBA7-3BC0-4598-BDF0-CDE9634C506E}.Debug|Any CPU.Build.0 = Debug|Any CPU
		{1A1CFBA7-3BC0-4598-BDF0-CDE9634C506E}.Debug|Mixed Platforms.ActiveCfg = Debug|Any CPU
		{1A1CFBA7-3BC0-4598-BDF0-CDE9634C506E}.Debug|Mixed Platforms.Build.0 = Debug|Any CPU
		{1A1CFBA7-3BC0-4598-BDF0-CDE9634C506E}.Debug|x86.ActiveCfg = Debug|x86
		{1A1CFBA7-3BC0-4598-BDF0-CDE9634C506E}.Debug|x86.Build.0 = Debug|x86
		{1A1CFBA7-3BC0-4598-BDF0-CDE9634C506E}.Release|Any CPU.ActiveCfg = Release|Any CPU
		{1A1CFBA7-3BC0-4598-BDF0-CDE9634C506E}.Release|Any CPU.Build.0 = Release|Any CPU
		{1A1CFBA7-3BC0-4598-BDF0-CDE9634C506E}.Release|Mixed Platforms.ActiveCfg = Release|Any CPU
		{1A1CFBA7-3BC0-4598-BDF0-CDE9634C506E}.Release|Mixed Platforms.Build.0 = Release|Any CPU
		{1A1CFBA7-3BC0-4598-BDF0-CDE9634C506E}.Release|x86.ActiveCfg = Release|x86
		{1A1CFBA7-3BC0-4598-BDF0-CDE9634C506E}.Release|x86.Build.0 = Release|x86
		{7CA06456-17EA-4A13-8E1F-CF8533E8A4F7}.Debug|Any CPU.ActiveCfg = Debug|Any CPU
		{7CA06456-17EA-4A13-8E1F-CF8533E8A4F7}.Debug|Any CPU.Build.0 = Debug|Any CPU
		{7CA06456-17EA-4A13-8E1F-CF8533E8A4F7}.Debug|Mixed Platforms.ActiveCfg = Debug|Any CPU
		{7CA06456-17EA-4A13-8E1F-CF8533E8A4F7}.Debug|Mixed Platforms.Build.0 = Debug|Any CPU
		{7CA06456-17EA-4A13-8E1F-CF8533E8A4F7}.Debug|x86.ActiveCfg = Debug|Any CPU
		{7CA06456-17EA-4A13-8E1F-CF8533E8A4F7}.Debug|x86.Build.0 = Debug|Any CPU
		{7CA06456-17EA-4A13-8E1F-CF8533E8A4F7}.Release|Any CPU.ActiveCfg = Release|Any CPU
		{7CA06456-17EA-4A13-8E1F-CF8533E8A4F7}.Release|Any CPU.Build.0 = Release|Any CPU
		{7CA06456-17EA-4A13-8E1F-CF8533E8A4F7}.Release|Mixed Platforms.ActiveCfg = Release|Any CPU
		{7CA06456-17EA-4A13-8E1F-CF8533E8A4F7}.Release|Mixed Platforms.Build.0 = Release|Any CPU
		{7CA06456-17EA-4A13-8E1F-CF8533E8A4F7}.Release|x86.ActiveCfg = Release|Any CPU
		{E9EF8691-923F-4738-AFA7-AF460BEDCCDA}.Debug|Any CPU.ActiveCfg = Debug|Any CPU
		{E9EF8691-923F-4738-AFA7-AF460BEDCCDA}.Debug|Any CPU.Build.0 = Debug|Any CPU
		{E9EF8691-923F-4738-AFA7-AF460BEDCCDA}.Debug|Mixed Platforms.ActiveCfg = Debug|Any CPU
		{E9EF8691-923F-4738-AFA7-AF460BEDCCDA}.Debug|Mixed Platforms.Build.0 = Debug|Any CPU
		{E9EF8691-923F-4738-AFA7-AF460BEDCCDA}.Debug|x86.ActiveCfg = Debug|Any CPU
		{E9EF8691-923F-4738-AFA7-AF460BEDCCDA}.Debug|x86.Build.0 = Debug|Any CPU
		{E9EF8691-923F-4738-AFA7-AF460BEDCCDA}.Release|Any CPU.ActiveCfg = Release|Any CPU
		{E9EF8691-923F-4738-AFA7-AF460BEDCCDA}.Release|Any CPU.Build.0 = Release|Any CPU
		{E9EF8691-923F-4738-AFA7-AF460BEDCCDA}.Release|Mixed Platforms.ActiveCfg = Release|Any CPU
		{E9EF8691-923F-4738-AFA7-AF460BEDCCDA}.Release|Mixed Platforms.Build.0 = Release|Any CPU
		{E9EF8691-923F-4738-AFA7-AF460BEDCCDA}.Release|x86.ActiveCfg = Release|Any CPU
		{75C8A29D-5745-42B4-B48F-15EA035CA1CF}.Debug|Any CPU.ActiveCfg = Debug|Any CPU
		{75C8A29D-5745-42B4-B48F-15EA035CA1CF}.Debug|Any CPU.Build.0 = Debug|Any CPU
		{75C8A29D-5745-42B4-B48F-15EA035CA1CF}.Debug|Mixed Platforms.ActiveCfg = Debug|Any CPU
		{75C8A29D-5745-42B4-B48F-15EA035CA1CF}.Debug|Mixed Platforms.Build.0 = Debug|Any CPU
		{75C8A29D-5745-42B4-B48F-15EA035CA1CF}.Debug|x86.ActiveCfg = Debug|Any CPU
		{75C8A29D-5745-42B4-B48F-15EA035CA1CF}.Debug|x86.Build.0 = Debug|Any CPU
		{75C8A29D-5745-42B4-B48F-15EA035CA1CF}.Release|Any CPU.ActiveCfg = Release|Any CPU
		{75C8A29D-5745-42B4-B48F-15EA035CA1CF}.Release|Any CPU.Build.0 = Release|Any CPU
		{75C8A29D-5745-42B4-B48F-15EA035CA1CF}.Release|Mixed Platforms.ActiveCfg = Release|Any CPU
		{75C8A29D-5745-42B4-B48F-15EA035CA1CF}.Release|Mixed Platforms.Build.0 = Release|Any CPU
		{75C8A29D-5745-42B4-B48F-15EA035CA1CF}.Release|x86.ActiveCfg = Release|Any CPU
		{4322B728-AAA7-45F0-9BDE-8F227FA8C73D}.Debug|Any CPU.ActiveCfg = Debug|Any CPU
		{4322B728-AAA7-45F0-9BDE-8F227FA8C73D}.Debug|Any CPU.Build.0 = Debug|Any CPU
		{4322B728-AAA7-45F0-9BDE-8F227FA8C73D}.Debug|Mixed Platforms.ActiveCfg = Debug|Any CPU
		{4322B728-AAA7-45F0-9BDE-8F227FA8C73D}.Debug|Mixed Platforms.Build.0 = Debug|Any CPU
		{4322B728-AAA7-45F0-9BDE-8F227FA8C73D}.Debug|x86.ActiveCfg = Debug|x86
		{4322B728-AAA7-45F0-9BDE-8F227FA8C73D}.Debug|x86.Build.0 = Debug|x86
		{4322B728-AAA7-45F0-9BDE-8F227FA8C73D}.Release|Any CPU.ActiveCfg = Release|Any CPU
		{4322B728-AAA7-45F0-9BDE-8F227FA8C73D}.Release|Any CPU.Build.0 = Release|Any CPU
		{4322B728-AAA7-45F0-9BDE-8F227FA8C73D}.Release|Mixed Platforms.ActiveCfg = Release|Any CPU
		{4322B728-AAA7-45F0-9BDE-8F227FA8C73D}.Release|Mixed Platforms.Build.0 = Release|Any CPU
		{4322B728-AAA7-45F0-9BDE-8F227FA8C73D}.Release|x86.ActiveCfg = Release|x86
		{4322B728-AAA7-45F0-9BDE-8F227FA8C73D}.Release|x86.Build.0 = Release|x86
		{82C502F7-067E-414B-ABCA-3C5856F96EDA}.Debug|Any CPU.ActiveCfg = Debug|Any CPU
		{82C502F7-067E-414B-ABCA-3C5856F96EDA}.Debug|Any CPU.Build.0 = Debug|Any CPU
		{82C502F7-067E-414B-ABCA-3C5856F96EDA}.Debug|Mixed Platforms.ActiveCfg = Debug|Any CPU
		{82C502F7-067E-414B-ABCA-3C5856F96EDA}.Debug|Mixed Platforms.Build.0 = Debug|Any CPU
		{82C502F7-067E-414B-ABCA-3C5856F96EDA}.Debug|x86.ActiveCfg = Debug|x86
		{82C502F7-067E-414B-ABCA-3C5856F96EDA}.Debug|x86.Build.0 = Debug|x86
		{82C502F7-067E-414B-ABCA-3C5856F96EDA}.Release|Any CPU.ActiveCfg = Release|Any CPU
		{82C502F7-067E-414B-ABCA-3C5856F96EDA}.Release|Any CPU.Build.0 = Release|Any CPU
		{82C502F7-067E-414B-ABCA-3C5856F96EDA}.Release|Mixed Platforms.ActiveCfg = Release|Any CPU
		{82C502F7-067E-414B-ABCA-3C5856F96EDA}.Release|Mixed Platforms.Build.0 = Release|Any CPU
		{82C502F7-067E-414B-ABCA-3C5856F96EDA}.Release|x86.ActiveCfg = Release|x86
		{82C502F7-067E-414B-ABCA-3C5856F96EDA}.Release|x86.Build.0 = Release|x86
		{BB5BB40F-282B-4CF0-A165-533AB810D61D}.Debug|Any CPU.ActiveCfg = Debug|Any CPU
		{BB5BB40F-282B-4CF0-A165-533AB810D61D}.Debug|Any CPU.Build.0 = Debug|Any CPU
		{BB5BB40F-282B-4CF0-A165-533AB810D61D}.Debug|Mixed Platforms.ActiveCfg = Debug|Any CPU
		{BB5BB40F-282B-4CF0-A165-533AB810D61D}.Debug|Mixed Platforms.Build.0 = Debug|Any CPU
		{BB5BB40F-282B-4CF0-A165-533AB810D61D}.Debug|x86.ActiveCfg = Debug|x86
		{BB5BB40F-282B-4CF0-A165-533AB810D61D}.Debug|x86.Build.0 = Debug|x86
		{BB5BB40F-282B-4CF0-A165-533AB810D61D}.Release|Any CPU.ActiveCfg = Release|Any CPU
		{BB5BB40F-282B-4CF0-A165-533AB810D61D}.Release|Any CPU.Build.0 = Release|Any CPU
		{BB5BB40F-282B-4CF0-A165-533AB810D61D}.Release|Mixed Platforms.ActiveCfg = Release|Any CPU
		{BB5BB40F-282B-4CF0-A165-533AB810D61D}.Release|Mixed Platforms.Build.0 = Release|Any CPU
		{BB5BB40F-282B-4CF0-A165-533AB810D61D}.Release|x86.ActiveCfg = Release|x86
		{BB5BB40F-282B-4CF0-A165-533AB810D61D}.Release|x86.Build.0 = Release|x86
		{F303560E-2FD6-4198-BE27-3EAC2446103C}.Debug|Any CPU.ActiveCfg = Debug|Any CPU
		{F303560E-2FD6-4198-BE27-3EAC2446103C}.Debug|Any CPU.Build.0 = Debug|Any CPU
		{F303560E-2FD6-4198-BE27-3EAC2446103C}.Debug|Mixed Platforms.ActiveCfg = Debug|Any CPU
		{F303560E-2FD6-4198-BE27-3EAC2446103C}.Debug|Mixed Platforms.Build.0 = Debug|Any CPU
		{F303560E-2FD6-4198-BE27-3EAC2446103C}.Debug|x86.ActiveCfg = Debug|x86
		{F303560E-2FD6-4198-BE27-3EAC2446103C}.Debug|x86.Build.0 = Debug|x86
		{F303560E-2FD6-4198-BE27-3EAC2446103C}.Release|Any CPU.ActiveCfg = Release|Any CPU
		{F303560E-2FD6-4198-BE27-3EAC2446103C}.Release|Any CPU.Build.0 = Release|Any CPU
		{F303560E-2FD6-4198-BE27-3EAC2446103C}.Release|Mixed Platforms.ActiveCfg = Release|Any CPU
		{F303560E-2FD6-4198-BE27-3EAC2446103C}.Release|Mixed Platforms.Build.0 = Release|Any CPU
		{F303560E-2FD6-4198-BE27-3EAC2446103C}.Release|x86.ActiveCfg = Release|x86
		{F303560E-2FD6-4198-BE27-3EAC2446103C}.Release|x86.Build.0 = Release|x86
		{CAFB2299-A90B-4FAA-AAFA-9BB958742D45}.Debug|Any CPU.ActiveCfg = Debug|Any CPU
		{CAFB2299-A90B-4FAA-AAFA-9BB958742D45}.Debug|Any CPU.Build.0 = Debug|Any CPU
		{CAFB2299-A90B-4FAA-AAFA-9BB958742D45}.Debug|Mixed Platforms.ActiveCfg = Debug|Any CPU
		{CAFB2299-A90B-4FAA-AAFA-9BB958742D45}.Debug|Mixed Platforms.Build.0 = Debug|Any CPU
		{CAFB2299-A90B-4FAA-AAFA-9BB958742D45}.Debug|x86.ActiveCfg = Debug|x86
		{CAFB2299-A90B-4FAA-AAFA-9BB958742D45}.Debug|x86.Build.0 = Debug|x86
		{CAFB2299-A90B-4FAA-AAFA-9BB958742D45}.Release|Any CPU.ActiveCfg = Release|Any CPU
		{CAFB2299-A90B-4FAA-AAFA-9BB958742D45}.Release|Any CPU.Build.0 = Release|Any CPU
		{CAFB2299-A90B-4FAA-AAFA-9BB958742D45}.Release|Mixed Platforms.ActiveCfg = Release|Any CPU
		{CAFB2299-A90B-4FAA-AAFA-9BB958742D45}.Release|Mixed Platforms.Build.0 = Release|Any CPU
		{CAFB2299-A90B-4FAA-AAFA-9BB958742D45}.Release|x86.ActiveCfg = Release|x86
		{CAFB2299-A90B-4FAA-AAFA-9BB958742D45}.Release|x86.Build.0 = Release|x86
		{2FE73DC9-7959-4944-B594-29E73AA79604}.Debug|Any CPU.ActiveCfg = Debug|Any CPU
		{2FE73DC9-7959-4944-B594-29E73AA79604}.Debug|Any CPU.Build.0 = Debug|Any CPU
		{2FE73DC9-7959-4944-B594-29E73AA79604}.Debug|Mixed Platforms.ActiveCfg = Debug|Any CPU
		{2FE73DC9-7959-4944-B594-29E73AA79604}.Debug|Mixed Platforms.Build.0 = Debug|Any CPU
		{2FE73DC9-7959-4944-B594-29E73AA79604}.Debug|x86.ActiveCfg = Debug|Any CPU
		{2FE73DC9-7959-4944-B594-29E73AA79604}.Release|Any CPU.ActiveCfg = Release|Any CPU
		{2FE73DC9-7959-4944-B594-29E73AA79604}.Release|Any CPU.Build.0 = Release|Any CPU
		{2FE73DC9-7959-4944-B594-29E73AA79604}.Release|Mixed Platforms.ActiveCfg = Release|Any CPU
		{2FE73DC9-7959-4944-B594-29E73AA79604}.Release|Mixed Platforms.Build.0 = Release|Any CPU
		{2FE73DC9-7959-4944-B594-29E73AA79604}.Release|x86.ActiveCfg = Release|Any CPU
		{53651F05-D505-4D59-8FED-E723D26E491F}.Debug|Any CPU.ActiveCfg = Debug|Any CPU
		{53651F05-D505-4D59-8FED-E723D26E491F}.Debug|Any CPU.Build.0 = Debug|Any CPU
		{53651F05-D505-4D59-8FED-E723D26E491F}.Debug|Mixed Platforms.ActiveCfg = Debug|Any CPU
		{53651F05-D505-4D59-8FED-E723D26E491F}.Debug|Mixed Platforms.Build.0 = Debug|Any CPU
		{53651F05-D505-4D59-8FED-E723D26E491F}.Debug|x86.ActiveCfg = Debug|Any CPU
		{53651F05-D505-4D59-8FED-E723D26E491F}.Release|Any CPU.ActiveCfg = Release|Any CPU
		{53651F05-D505-4D59-8FED-E723D26E491F}.Release|Any CPU.Build.0 = Release|Any CPU
		{53651F05-D505-4D59-8FED-E723D26E491F}.Release|Mixed Platforms.ActiveCfg = Release|Any CPU
		{53651F05-D505-4D59-8FED-E723D26E491F}.Release|Mixed Platforms.Build.0 = Release|Any CPU
		{53651F05-D505-4D59-8FED-E723D26E491F}.Release|x86.ActiveCfg = Release|Any CPU
		{7BF3E622-67CA-4E67-A9CA-F3B334C954FD}.Debug|Any CPU.ActiveCfg = Debug|Any CPU
		{7BF3E622-67CA-4E67-A9CA-F3B334C954FD}.Debug|Any CPU.Build.0 = Debug|Any CPU
		{7BF3E622-67CA-4E67-A9CA-F3B334C954FD}.Debug|Mixed Platforms.ActiveCfg = Debug|Any CPU
		{7BF3E622-67CA-4E67-A9CA-F3B334C954FD}.Debug|Mixed Platforms.Build.0 = Debug|Any CPU
		{7BF3E622-67CA-4E67-A9CA-F3B334C954FD}.Debug|x86.ActiveCfg = Debug|Any CPU
		{7BF3E622-67CA-4E67-A9CA-F3B334C954FD}.Release|Any CPU.ActiveCfg = Release|Any CPU
		{7BF3E622-67CA-4E67-A9CA-F3B334C954FD}.Release|Any CPU.Build.0 = Release|Any CPU
		{7BF3E622-67CA-4E67-A9CA-F3B334C954FD}.Release|Mixed Platforms.ActiveCfg = Release|Any CPU
		{7BF3E622-67CA-4E67-A9CA-F3B334C954FD}.Release|Mixed Platforms.Build.0 = Release|Any CPU
		{7BF3E622-67CA-4E67-A9CA-F3B334C954FD}.Release|x86.ActiveCfg = Release|Any CPU
		{9D3EB2D4-EC55-4080-938F-EA409162171D}.Debug|Any CPU.ActiveCfg = Debug|Any CPU
		{9D3EB2D4-EC55-4080-938F-EA409162171D}.Debug|Any CPU.Build.0 = Debug|Any CPU
		{9D3EB2D4-EC55-4080-938F-EA409162171D}.Debug|Mixed Platforms.ActiveCfg = Debug|Any CPU
		{9D3EB2D4-EC55-4080-938F-EA409162171D}.Debug|Mixed Platforms.Build.0 = Debug|Any CPU
		{9D3EB2D4-EC55-4080-938F-EA409162171D}.Debug|x86.ActiveCfg = Debug|Any CPU
		{9D3EB2D4-EC55-4080-938F-EA409162171D}.Release|Any CPU.ActiveCfg = Release|Any CPU
		{9D3EB2D4-EC55-4080-938F-EA409162171D}.Release|Any CPU.Build.0 = Release|Any CPU
		{9D3EB2D4-EC55-4080-938F-EA409162171D}.Release|Mixed Platforms.ActiveCfg = Release|Any CPU
		{9D3EB2D4-EC55-4080-938F-EA409162171D}.Release|Mixed Platforms.Build.0 = Release|Any CPU
		{9D3EB2D4-EC55-4080-938F-EA409162171D}.Release|x86.ActiveCfg = Release|Any CPU
		{0902CBF9-E77C-4B69-8021-3DA8E3999CCA}.Debug|Any CPU.ActiveCfg = Debug|Any CPU
		{0902CBF9-E77C-4B69-8021-3DA8E3999CCA}.Debug|Any CPU.Build.0 = Debug|Any CPU
		{0902CBF9-E77C-4B69-8021-3DA8E3999CCA}.Debug|Mixed Platforms.ActiveCfg = Debug|Any CPU
		{0902CBF9-E77C-4B69-8021-3DA8E3999CCA}.Debug|Mixed Platforms.Build.0 = Debug|Any CPU
		{0902CBF9-E77C-4B69-8021-3DA8E3999CCA}.Debug|x86.ActiveCfg = Debug|x86
		{0902CBF9-E77C-4B69-8021-3DA8E3999CCA}.Debug|x86.Build.0 = Debug|x86
		{0902CBF9-E77C-4B69-8021-3DA8E3999CCA}.Release|Any CPU.ActiveCfg = Release|Any CPU
		{0902CBF9-E77C-4B69-8021-3DA8E3999CCA}.Release|Any CPU.Build.0 = Release|Any CPU
		{0902CBF9-E77C-4B69-8021-3DA8E3999CCA}.Release|Mixed Platforms.ActiveCfg = Release|Any CPU
		{0902CBF9-E77C-4B69-8021-3DA8E3999CCA}.Release|Mixed Platforms.Build.0 = Release|Any CPU
		{0902CBF9-E77C-4B69-8021-3DA8E3999CCA}.Release|x86.ActiveCfg = Release|x86
		{0902CBF9-E77C-4B69-8021-3DA8E3999CCA}.Release|x86.Build.0 = Release|x86
		{B3005F0C-ACFC-4C16-8379-46B6DECA302A}.Debug|Any CPU.ActiveCfg = Debug|Any CPU
		{B3005F0C-ACFC-4C16-8379-46B6DECA302A}.Debug|Any CPU.Build.0 = Debug|Any CPU
		{B3005F0C-ACFC-4C16-8379-46B6DECA302A}.Debug|Mixed Platforms.ActiveCfg = Debug|Any CPU
		{B3005F0C-ACFC-4C16-8379-46B6DECA302A}.Debug|Mixed Platforms.Build.0 = Debug|Any CPU
		{B3005F0C-ACFC-4C16-8379-46B6DECA302A}.Debug|x86.ActiveCfg = Debug|Any CPU
		{B3005F0C-ACFC-4C16-8379-46B6DECA302A}.Release|Any CPU.ActiveCfg = Release|Any CPU
		{B3005F0C-ACFC-4C16-8379-46B6DECA302A}.Release|Any CPU.Build.0 = Release|Any CPU
		{B3005F0C-ACFC-4C16-8379-46B6DECA302A}.Release|Mixed Platforms.ActiveCfg = Release|Any CPU
		{B3005F0C-ACFC-4C16-8379-46B6DECA302A}.Release|Mixed Platforms.Build.0 = Release|Any CPU
		{B3005F0C-ACFC-4C16-8379-46B6DECA302A}.Release|x86.ActiveCfg = Release|Any CPU
		{0A84403C-046E-48FF-967C-30CDDA6AF07A}.Debug|Any CPU.ActiveCfg = Debug|Any CPU
		{0A84403C-046E-48FF-967C-30CDDA6AF07A}.Debug|Any CPU.Build.0 = Debug|Any CPU
		{0A84403C-046E-48FF-967C-30CDDA6AF07A}.Debug|Mixed Platforms.ActiveCfg = Debug|Any CPU
		{0A84403C-046E-48FF-967C-30CDDA6AF07A}.Debug|Mixed Platforms.Build.0 = Debug|Any CPU
		{0A84403C-046E-48FF-967C-30CDDA6AF07A}.Debug|x86.ActiveCfg = Debug|Any CPU
		{0A84403C-046E-48FF-967C-30CDDA6AF07A}.Release|Any CPU.ActiveCfg = Release|Any CPU
		{0A84403C-046E-48FF-967C-30CDDA6AF07A}.Release|Any CPU.Build.0 = Release|Any CPU
		{0A84403C-046E-48FF-967C-30CDDA6AF07A}.Release|Mixed Platforms.ActiveCfg = Release|Any CPU
		{0A84403C-046E-48FF-967C-30CDDA6AF07A}.Release|Mixed Platforms.Build.0 = Release|Any CPU
		{0A84403C-046E-48FF-967C-30CDDA6AF07A}.Release|x86.ActiveCfg = Release|Any CPU
		{E4394274-2B36-4F39-8228-D35C44EFA078}.Debug|Any CPU.ActiveCfg = Debug|Any CPU
		{E4394274-2B36-4F39-8228-D35C44EFA078}.Debug|Any CPU.Build.0 = Debug|Any CPU
		{E4394274-2B36-4F39-8228-D35C44EFA078}.Debug|Mixed Platforms.ActiveCfg = Debug|Any CPU
		{E4394274-2B36-4F39-8228-D35C44EFA078}.Debug|Mixed Platforms.Build.0 = Debug|Any CPU
		{E4394274-2B36-4F39-8228-D35C44EFA078}.Debug|x86.ActiveCfg = Debug|Any CPU
		{E4394274-2B36-4F39-8228-D35C44EFA078}.Release|Any CPU.ActiveCfg = Release|Any CPU
		{E4394274-2B36-4F39-8228-D35C44EFA078}.Release|Any CPU.Build.0 = Release|Any CPU
		{E4394274-2B36-4F39-8228-D35C44EFA078}.Release|Mixed Platforms.ActiveCfg = Release|Any CPU
		{E4394274-2B36-4F39-8228-D35C44EFA078}.Release|Mixed Platforms.Build.0 = Release|Any CPU
		{E4394274-2B36-4F39-8228-D35C44EFA078}.Release|x86.ActiveCfg = Release|Any CPU
		{CDBE4B3F-5E45-417C-95EB-8745B4D2D77F}.Debug|Any CPU.ActiveCfg = Debug|Any CPU
		{CDBE4B3F-5E45-417C-95EB-8745B4D2D77F}.Debug|Any CPU.Build.0 = Debug|Any CPU
		{CDBE4B3F-5E45-417C-95EB-8745B4D2D77F}.Debug|Mixed Platforms.ActiveCfg = Debug|Any CPU
		{CDBE4B3F-5E45-417C-95EB-8745B4D2D77F}.Debug|Mixed Platforms.Build.0 = Debug|Any CPU
		{CDBE4B3F-5E45-417C-95EB-8745B4D2D77F}.Debug|x86.ActiveCfg = Debug|Any CPU
		{CDBE4B3F-5E45-417C-95EB-8745B4D2D77F}.Release|Any CPU.ActiveCfg = Release|Any CPU
		{CDBE4B3F-5E45-417C-95EB-8745B4D2D77F}.Release|Any CPU.Build.0 = Release|Any CPU
		{CDBE4B3F-5E45-417C-95EB-8745B4D2D77F}.Release|Mixed Platforms.ActiveCfg = Release|Any CPU
		{CDBE4B3F-5E45-417C-95EB-8745B4D2D77F}.Release|Mixed Platforms.Build.0 = Release|Any CPU
		{CDBE4B3F-5E45-417C-95EB-8745B4D2D77F}.Release|x86.ActiveCfg = Release|Any CPU
		{82118987-FB76-4E70-81A0-06D0B062D89C}.Debug|Any CPU.ActiveCfg = Debug|Any CPU
		{82118987-FB76-4E70-81A0-06D0B062D89C}.Debug|Any CPU.Build.0 = Debug|Any CPU
		{82118987-FB76-4E70-81A0-06D0B062D89C}.Debug|Mixed Platforms.ActiveCfg = Debug|Any CPU
		{82118987-FB76-4E70-81A0-06D0B062D89C}.Debug|Mixed Platforms.Build.0 = Debug|Any CPU
		{82118987-FB76-4E70-81A0-06D0B062D89C}.Debug|x86.ActiveCfg = Debug|x86
		{82118987-FB76-4E70-81A0-06D0B062D89C}.Debug|x86.Build.0 = Debug|x86
		{82118987-FB76-4E70-81A0-06D0B062D89C}.Release|Any CPU.ActiveCfg = Release|Any CPU
		{82118987-FB76-4E70-81A0-06D0B062D89C}.Release|Any CPU.Build.0 = Release|Any CPU
		{82118987-FB76-4E70-81A0-06D0B062D89C}.Release|Mixed Platforms.ActiveCfg = Release|Any CPU
		{82118987-FB76-4E70-81A0-06D0B062D89C}.Release|Mixed Platforms.Build.0 = Release|Any CPU
		{82118987-FB76-4E70-81A0-06D0B062D89C}.Release|x86.ActiveCfg = Release|x86
		{82118987-FB76-4E70-81A0-06D0B062D89C}.Release|x86.Build.0 = Release|x86
		{F52C0989-0F48-419A-B4CF-591F8ADA8DD1}.Debug|Any CPU.ActiveCfg = Debug|Any CPU
		{F52C0989-0F48-419A-B4CF-591F8ADA8DD1}.Debug|Any CPU.Build.0 = Debug|Any CPU
		{F52C0989-0F48-419A-B4CF-591F8ADA8DD1}.Debug|Mixed Platforms.ActiveCfg = Debug|Any CPU
		{F52C0989-0F48-419A-B4CF-591F8ADA8DD1}.Debug|Mixed Platforms.Build.0 = Debug|Any CPU
		{F52C0989-0F48-419A-B4CF-591F8ADA8DD1}.Debug|x86.ActiveCfg = Debug|Any CPU
		{F52C0989-0F48-419A-B4CF-591F8ADA8DD1}.Release|Any CPU.ActiveCfg = Release|Any CPU
		{F52C0989-0F48-419A-B4CF-591F8ADA8DD1}.Release|Any CPU.Build.0 = Release|Any CPU
		{F52C0989-0F48-419A-B4CF-591F8ADA8DD1}.Release|Mixed Platforms.ActiveCfg = Release|Any CPU
		{F52C0989-0F48-419A-B4CF-591F8ADA8DD1}.Release|Mixed Platforms.Build.0 = Release|Any CPU
		{F52C0989-0F48-419A-B4CF-591F8ADA8DD1}.Release|x86.ActiveCfg = Release|Any CPU
		{9D2F8F1B-CB77-46F2-A32B-AA7D7959A1D0}.Debug|Any CPU.ActiveCfg = Debug|Any CPU
		{9D2F8F1B-CB77-46F2-A32B-AA7D7959A1D0}.Debug|Any CPU.Build.0 = Debug|Any CPU
		{9D2F8F1B-CB77-46F2-A32B-AA7D7959A1D0}.Debug|Mixed Platforms.ActiveCfg = Debug|Any CPU
		{9D2F8F1B-CB77-46F2-A32B-AA7D7959A1D0}.Debug|Mixed Platforms.Build.0 = Debug|Any CPU
		{9D2F8F1B-CB77-46F2-A32B-AA7D7959A1D0}.Debug|x86.ActiveCfg = Debug|x86
		{9D2F8F1B-CB77-46F2-A32B-AA7D7959A1D0}.Debug|x86.Build.0 = Debug|x86
		{9D2F8F1B-CB77-46F2-A32B-AA7D7959A1D0}.Release|Any CPU.ActiveCfg = Release|Any CPU
		{9D2F8F1B-CB77-46F2-A32B-AA7D7959A1D0}.Release|Any CPU.Build.0 = Release|Any CPU
		{9D2F8F1B-CB77-46F2-A32B-AA7D7959A1D0}.Release|Mixed Platforms.ActiveCfg = Release|Any CPU
		{9D2F8F1B-CB77-46F2-A32B-AA7D7959A1D0}.Release|Mixed Platforms.Build.0 = Release|Any CPU
		{9D2F8F1B-CB77-46F2-A32B-AA7D7959A1D0}.Release|x86.ActiveCfg = Release|x86
		{9D2F8F1B-CB77-46F2-A32B-AA7D7959A1D0}.Release|x86.Build.0 = Release|x86
		{0AF18C1E-1FC2-4CF0-A077-DA24974C2C15}.Debug|Any CPU.ActiveCfg = Debug|Any CPU
		{0AF18C1E-1FC2-4CF0-A077-DA24974C2C15}.Debug|Any CPU.Build.0 = Debug|Any CPU
		{0AF18C1E-1FC2-4CF0-A077-DA24974C2C15}.Debug|Mixed Platforms.ActiveCfg = Debug|Any CPU
		{0AF18C1E-1FC2-4CF0-A077-DA24974C2C15}.Debug|Mixed Platforms.Build.0 = Debug|Any CPU
		{0AF18C1E-1FC2-4CF0-A077-DA24974C2C15}.Debug|x86.ActiveCfg = Debug|Any CPU
		{0AF18C1E-1FC2-4CF0-A077-DA24974C2C15}.Debug|x86.Build.0 = Debug|Any CPU
		{0AF18C1E-1FC2-4CF0-A077-DA24974C2C15}.Release|Any CPU.ActiveCfg = Release|Any CPU
		{0AF18C1E-1FC2-4CF0-A077-DA24974C2C15}.Release|Any CPU.Build.0 = Release|Any CPU
		{0AF18C1E-1FC2-4CF0-A077-DA24974C2C15}.Release|Mixed Platforms.ActiveCfg = Release|Any CPU
		{0AF18C1E-1FC2-4CF0-A077-DA24974C2C15}.Release|Mixed Platforms.Build.0 = Release|Any CPU
		{0AF18C1E-1FC2-4CF0-A077-DA24974C2C15}.Release|x86.ActiveCfg = Release|Any CPU
		{0AF18C1E-1FC2-4CF0-A077-DA24974C2C15}.Release|x86.Build.0 = Release|Any CPU
		{C33164E5-3A07-409A-A330-250A0F323100}.Debug|Any CPU.ActiveCfg = Debug|Any CPU
		{C33164E5-3A07-409A-A330-250A0F323100}.Debug|Any CPU.Build.0 = Debug|Any CPU
		{C33164E5-3A07-409A-A330-250A0F323100}.Debug|Mixed Platforms.ActiveCfg = Debug|Any CPU
		{C33164E5-3A07-409A-A330-250A0F323100}.Debug|Mixed Platforms.Build.0 = Debug|Any CPU
		{C33164E5-3A07-409A-A330-250A0F323100}.Debug|x86.ActiveCfg = Debug|Any CPU
		{C33164E5-3A07-409A-A330-250A0F323100}.Debug|x86.Build.0 = Debug|Any CPU
		{C33164E5-3A07-409A-A330-250A0F323100}.Release|Any CPU.ActiveCfg = Release|Any CPU
		{C33164E5-3A07-409A-A330-250A0F323100}.Release|Any CPU.Build.0 = Release|Any CPU
		{C33164E5-3A07-409A-A330-250A0F323100}.Release|Mixed Platforms.ActiveCfg = Release|Any CPU
		{C33164E5-3A07-409A-A330-250A0F323100}.Release|Mixed Platforms.Build.0 = Release|Any CPU
		{C33164E5-3A07-409A-A330-250A0F323100}.Release|x86.ActiveCfg = Release|Any CPU
		{C33164E5-3A07-409A-A330-250A0F323100}.Release|x86.Build.0 = Release|Any CPU
		{2B4C0363-133C-4A96-9D18-E3A90CA60F25}.Debug|Any CPU.ActiveCfg = Debug|Any CPU
		{2B4C0363-133C-4A96-9D18-E3A90CA60F25}.Debug|Any CPU.Build.0 = Debug|Any CPU
		{2B4C0363-133C-4A96-9D18-E3A90CA60F25}.Debug|Mixed Platforms.ActiveCfg = Debug|Any CPU
		{2B4C0363-133C-4A96-9D18-E3A90CA60F25}.Debug|Mixed Platforms.Build.0 = Debug|Any CPU
		{2B4C0363-133C-4A96-9D18-E3A90CA60F25}.Debug|x86.ActiveCfg = Debug|Any CPU
		{2B4C0363-133C-4A96-9D18-E3A90CA60F25}.Debug|x86.Build.0 = Debug|Any CPU
		{2B4C0363-133C-4A96-9D18-E3A90CA60F25}.Release|Any CPU.ActiveCfg = Release|Any CPU
		{2B4C0363-133C-4A96-9D18-E3A90CA60F25}.Release|Any CPU.Build.0 = Release|Any CPU
		{2B4C0363-133C-4A96-9D18-E3A90CA60F25}.Release|Mixed Platforms.ActiveCfg = Release|Any CPU
		{2B4C0363-133C-4A96-9D18-E3A90CA60F25}.Release|Mixed Platforms.Build.0 = Release|Any CPU
		{2B4C0363-133C-4A96-9D18-E3A90CA60F25}.Release|x86.ActiveCfg = Release|Any CPU
		{2B4C0363-133C-4A96-9D18-E3A90CA60F25}.Release|x86.Build.0 = Release|Any CPU
		{5F2C8D8F-0475-4583-A4E9-40B5ACF6050C}.Debug|Any CPU.ActiveCfg = Debug|Any CPU
		{5F2C8D8F-0475-4583-A4E9-40B5ACF6050C}.Debug|Any CPU.Build.0 = Debug|Any CPU
		{5F2C8D8F-0475-4583-A4E9-40B5ACF6050C}.Debug|Mixed Platforms.ActiveCfg = Debug|Any CPU
		{5F2C8D8F-0475-4583-A4E9-40B5ACF6050C}.Debug|Mixed Platforms.Build.0 = Debug|Any CPU
		{5F2C8D8F-0475-4583-A4E9-40B5ACF6050C}.Debug|x86.ActiveCfg = Debug|Any CPU
		{5F2C8D8F-0475-4583-A4E9-40B5ACF6050C}.Debug|x86.Build.0 = Debug|Any CPU
		{5F2C8D8F-0475-4583-A4E9-40B5ACF6050C}.Release|Any CPU.ActiveCfg = Release|Any CPU
		{5F2C8D8F-0475-4583-A4E9-40B5ACF6050C}.Release|Any CPU.Build.0 = Release|Any CPU
		{5F2C8D8F-0475-4583-A4E9-40B5ACF6050C}.Release|Mixed Platforms.ActiveCfg = Release|Any CPU
		{5F2C8D8F-0475-4583-A4E9-40B5ACF6050C}.Release|Mixed Platforms.Build.0 = Release|Any CPU
		{5F2C8D8F-0475-4583-A4E9-40B5ACF6050C}.Release|x86.ActiveCfg = Release|Any CPU
		{5F2C8D8F-0475-4583-A4E9-40B5ACF6050C}.Release|x86.Build.0 = Release|Any CPU
		{C034F8D0-95C6-44DC-97D1-3647D9463149}.Debug|Any CPU.ActiveCfg = Debug|Any CPU
		{C034F8D0-95C6-44DC-97D1-3647D9463149}.Debug|Any CPU.Build.0 = Debug|Any CPU
		{C034F8D0-95C6-44DC-97D1-3647D9463149}.Debug|Mixed Platforms.ActiveCfg = Debug|Any CPU
		{C034F8D0-95C6-44DC-97D1-3647D9463149}.Debug|Mixed Platforms.Build.0 = Debug|Any CPU
		{C034F8D0-95C6-44DC-97D1-3647D9463149}.Debug|x86.ActiveCfg = Debug|Any CPU
		{C034F8D0-95C6-44DC-97D1-3647D9463149}.Debug|x86.Build.0 = Debug|Any CPU
		{C034F8D0-95C6-44DC-97D1-3647D9463149}.Release|Any CPU.ActiveCfg = Release|Any CPU
		{C034F8D0-95C6-44DC-97D1-3647D9463149}.Release|Any CPU.Build.0 = Release|Any CPU
		{C034F8D0-95C6-44DC-97D1-3647D9463149}.Release|Mixed Platforms.ActiveCfg = Release|Any CPU
		{C034F8D0-95C6-44DC-97D1-3647D9463149}.Release|Mixed Platforms.Build.0 = Release|Any CPU
		{C034F8D0-95C6-44DC-97D1-3647D9463149}.Release|x86.ActiveCfg = Release|Any CPU
		{C034F8D0-95C6-44DC-97D1-3647D9463149}.Release|x86.Build.0 = Release|Any CPU
		{CF4B064A-6055-4A0C-B658-A2ADBBEA478E}.Debug|Any CPU.ActiveCfg = Debug|Any CPU
		{CF4B064A-6055-4A0C-B658-A2ADBBEA478E}.Debug|Mixed Platforms.ActiveCfg = Debug|Any CPU
		{CF4B064A-6055-4A0C-B658-A2ADBBEA478E}.Debug|x86.ActiveCfg = Debug|Any CPU
		{CF4B064A-6055-4A0C-B658-A2ADBBEA478E}.Debug|x86.Build.0 = Debug|Any CPU
		{CF4B064A-6055-4A0C-B658-A2ADBBEA478E}.Release|Any CPU.ActiveCfg = Release|Any CPU
		{CF4B064A-6055-4A0C-B658-A2ADBBEA478E}.Release|Any CPU.Build.0 = Release|Any CPU
		{CF4B064A-6055-4A0C-B658-A2ADBBEA478E}.Release|Mixed Platforms.ActiveCfg = Release|Any CPU
		{CF4B064A-6055-4A0C-B658-A2ADBBEA478E}.Release|x86.ActiveCfg = Release|Any CPU
		{CF4B064A-6055-4A0C-B658-A2ADBBEA478E}.Release|x86.Build.0 = Release|Any CPU
		{F5EC8E25-2152-448D-9459-8F0EF9933B3B}.Debug|Any CPU.ActiveCfg = Debug|Any CPU
		{F5EC8E25-2152-448D-9459-8F0EF9933B3B}.Debug|Any CPU.Build.0 = Debug|Any CPU
		{F5EC8E25-2152-448D-9459-8F0EF9933B3B}.Debug|Mixed Platforms.ActiveCfg = Debug|Any CPU
		{F5EC8E25-2152-448D-9459-8F0EF9933B3B}.Debug|Mixed Platforms.Build.0 = Debug|Any CPU
		{F5EC8E25-2152-448D-9459-8F0EF9933B3B}.Debug|x86.ActiveCfg = Debug|Any CPU
		{F5EC8E25-2152-448D-9459-8F0EF9933B3B}.Debug|x86.Build.0 = Debug|Any CPU
		{F5EC8E25-2152-448D-9459-8F0EF9933B3B}.Release|Any CPU.ActiveCfg = Release|Any CPU
		{F5EC8E25-2152-448D-9459-8F0EF9933B3B}.Release|Any CPU.Build.0 = Release|Any CPU
		{F5EC8E25-2152-448D-9459-8F0EF9933B3B}.Release|Mixed Platforms.ActiveCfg = Release|Any CPU
		{F5EC8E25-2152-448D-9459-8F0EF9933B3B}.Release|Mixed Platforms.Build.0 = Release|Any CPU
		{F5EC8E25-2152-448D-9459-8F0EF9933B3B}.Release|x86.ActiveCfg = Release|Any CPU
		{F5EC8E25-2152-448D-9459-8F0EF9933B3B}.Release|x86.Build.0 = Release|Any CPU
		{E749D196-1F6A-4C26-9BEA-BAA8ABD55AD1}.Debug|Any CPU.ActiveCfg = Debug
		{E749D196-1F6A-4C26-9BEA-BAA8ABD55AD1}.Debug|Mixed Platforms.ActiveCfg = Debug
		{E749D196-1F6A-4C26-9BEA-BAA8ABD55AD1}.Debug|x86.ActiveCfg = Debug
		{E749D196-1F6A-4C26-9BEA-BAA8ABD55AD1}.Release|Any CPU.ActiveCfg = Release
		{E749D196-1F6A-4C26-9BEA-BAA8ABD55AD1}.Release|Mixed Platforms.ActiveCfg = Release
		{E749D196-1F6A-4C26-9BEA-BAA8ABD55AD1}.Release|x86.ActiveCfg = Release
		{2CC0419A-9CDF-46AF-8F7B-4839DD5F39B5}.Debug|Any CPU.ActiveCfg = Debug|Any CPU
		{2CC0419A-9CDF-46AF-8F7B-4839DD5F39B5}.Debug|Mixed Platforms.ActiveCfg = Debug|Any CPU
		{2CC0419A-9CDF-46AF-8F7B-4839DD5F39B5}.Debug|x86.ActiveCfg = Debug|Any CPU
		{2CC0419A-9CDF-46AF-8F7B-4839DD5F39B5}.Debug|x86.Build.0 = Debug|Any CPU
		{2CC0419A-9CDF-46AF-8F7B-4839DD5F39B5}.Release|Any CPU.ActiveCfg = Release|Any CPU
		{2CC0419A-9CDF-46AF-8F7B-4839DD5F39B5}.Release|Mixed Platforms.ActiveCfg = Release|Any CPU
		{2CC0419A-9CDF-46AF-8F7B-4839DD5F39B5}.Release|Mixed Platforms.Build.0 = Release|Any CPU
		{2CC0419A-9CDF-46AF-8F7B-4839DD5F39B5}.Release|x86.ActiveCfg = Release|Any CPU
		{2CC0419A-9CDF-46AF-8F7B-4839DD5F39B5}.Release|x86.Build.0 = Release|Any CPU
		{147ACA64-2605-4157-9AED-B512B3E327CC}.Debug|Any CPU.ActiveCfg = Debug|Any CPU
		{147ACA64-2605-4157-9AED-B512B3E327CC}.Debug|Mixed Platforms.ActiveCfg = Debug|Any CPU
		{147ACA64-2605-4157-9AED-B512B3E327CC}.Debug|x86.ActiveCfg = Debug|Any CPU
		{147ACA64-2605-4157-9AED-B512B3E327CC}.Debug|x86.Build.0 = Debug|Any CPU
		{147ACA64-2605-4157-9AED-B512B3E327CC}.Release|Any CPU.ActiveCfg = Release|Any CPU
		{147ACA64-2605-4157-9AED-B512B3E327CC}.Release|Mixed Platforms.ActiveCfg = Release|Any CPU
		{147ACA64-2605-4157-9AED-B512B3E327CC}.Release|Mixed Platforms.Build.0 = Release|Any CPU
		{147ACA64-2605-4157-9AED-B512B3E327CC}.Release|x86.ActiveCfg = Release|Any CPU
		{147ACA64-2605-4157-9AED-B512B3E327CC}.Release|x86.Build.0 = Release|Any CPU
		{8BC56C3D-4289-4507-B0D9-321DF90F3E1E}.Debug|Any CPU.ActiveCfg = Debug|Any CPU
		{8BC56C3D-4289-4507-B0D9-321DF90F3E1E}.Debug|Mixed Platforms.ActiveCfg = Debug|Any CPU
		{8BC56C3D-4289-4507-B0D9-321DF90F3E1E}.Debug|x86.ActiveCfg = Debug|Any CPU
		{8BC56C3D-4289-4507-B0D9-321DF90F3E1E}.Debug|x86.Build.0 = Debug|Any CPU
		{8BC56C3D-4289-4507-B0D9-321DF90F3E1E}.Release|Any CPU.ActiveCfg = Release|Any CPU
		{8BC56C3D-4289-4507-B0D9-321DF90F3E1E}.Release|Mixed Platforms.ActiveCfg = Release|Any CPU
		{8BC56C3D-4289-4507-B0D9-321DF90F3E1E}.Release|Mixed Platforms.Build.0 = Release|Any CPU
		{8BC56C3D-4289-4507-B0D9-321DF90F3E1E}.Release|x86.ActiveCfg = Release|Any CPU
		{8BC56C3D-4289-4507-B0D9-321DF90F3E1E}.Release|x86.Build.0 = Release|Any CPU
		{F59E6AEF-2023-472F-988B-23B5FBBE3322}.Debug|Any CPU.ActiveCfg = Debug|Any CPU
		{F59E6AEF-2023-472F-988B-23B5FBBE3322}.Debug|Mixed Platforms.ActiveCfg = Debug|Any CPU
		{F59E6AEF-2023-472F-988B-23B5FBBE3322}.Debug|x86.ActiveCfg = Debug|Any CPU
		{F59E6AEF-2023-472F-988B-23B5FBBE3322}.Debug|x86.Build.0 = Debug|Any CPU
		{F59E6AEF-2023-472F-988B-23B5FBBE3322}.Release|Any CPU.ActiveCfg = Release|Any CPU
		{F59E6AEF-2023-472F-988B-23B5FBBE3322}.Release|Mixed Platforms.ActiveCfg = Release|Any CPU
		{F59E6AEF-2023-472F-988B-23B5FBBE3322}.Release|Mixed Platforms.Build.0 = Release|Any CPU
		{F59E6AEF-2023-472F-988B-23B5FBBE3322}.Release|x86.ActiveCfg = Release|Any CPU
		{F59E6AEF-2023-472F-988B-23B5FBBE3322}.Release|x86.Build.0 = Release|Any CPU
		{D87A6C55-1732-41E1-A005-23ED646A2278}.Debug|Any CPU.ActiveCfg = Debug|Any CPU
		{D87A6C55-1732-41E1-A005-23ED646A2278}.Debug|Any CPU.Build.0 = Debug|Any CPU
		{D87A6C55-1732-41E1-A005-23ED646A2278}.Debug|Mixed Platforms.ActiveCfg = Debug|Any CPU
		{D87A6C55-1732-41E1-A005-23ED646A2278}.Debug|Mixed Platforms.Build.0 = Debug|Any CPU
		{D87A6C55-1732-41E1-A005-23ED646A2278}.Debug|x86.ActiveCfg = Debug|Any CPU
		{D87A6C55-1732-41E1-A005-23ED646A2278}.Debug|x86.Build.0 = Debug|Any CPU
		{D87A6C55-1732-41E1-A005-23ED646A2278}.Release|Any CPU.ActiveCfg = Release|Any CPU
		{D87A6C55-1732-41E1-A005-23ED646A2278}.Release|Any CPU.Build.0 = Release|Any CPU
		{D87A6C55-1732-41E1-A005-23ED646A2278}.Release|Mixed Platforms.ActiveCfg = Release|Any CPU
		{D87A6C55-1732-41E1-A005-23ED646A2278}.Release|Mixed Platforms.Build.0 = Release|Any CPU
		{D87A6C55-1732-41E1-A005-23ED646A2278}.Release|x86.ActiveCfg = Release|Any CPU
		{D87A6C55-1732-41E1-A005-23ED646A2278}.Release|x86.Build.0 = Release|Any CPU
		{98D77F01-114B-4130-8C7C-2FF58425C34B}.Debug|Any CPU.ActiveCfg = Debug|Any CPU
		{98D77F01-114B-4130-8C7C-2FF58425C34B}.Debug|Any CPU.Build.0 = Debug|Any CPU
		{98D77F01-114B-4130-8C7C-2FF58425C34B}.Debug|Mixed Platforms.ActiveCfg = Debug|Any CPU
		{98D77F01-114B-4130-8C7C-2FF58425C34B}.Debug|Mixed Platforms.Build.0 = Debug|Any CPU
		{98D77F01-114B-4130-8C7C-2FF58425C34B}.Debug|x86.ActiveCfg = Debug|Any CPU
		{98D77F01-114B-4130-8C7C-2FF58425C34B}.Debug|x86.Build.0 = Debug|Any CPU
		{98D77F01-114B-4130-8C7C-2FF58425C34B}.Release|Any CPU.ActiveCfg = Release|Any CPU
		{98D77F01-114B-4130-8C7C-2FF58425C34B}.Release|Any CPU.Build.0 = Release|Any CPU
		{98D77F01-114B-4130-8C7C-2FF58425C34B}.Release|Mixed Platforms.ActiveCfg = Release|Any CPU
		{98D77F01-114B-4130-8C7C-2FF58425C34B}.Release|Mixed Platforms.Build.0 = Release|Any CPU
		{98D77F01-114B-4130-8C7C-2FF58425C34B}.Release|x86.ActiveCfg = Release|Any CPU
		{98D77F01-114B-4130-8C7C-2FF58425C34B}.Release|x86.Build.0 = Release|Any CPU
		{69B9950E-85BE-4AA4-9D8F-FE21639F124F}.Debug|Any CPU.ActiveCfg = Debug|Any CPU
		{69B9950E-85BE-4AA4-9D8F-FE21639F124F}.Debug|Any CPU.Build.0 = Debug|Any CPU
		{69B9950E-85BE-4AA4-9D8F-FE21639F124F}.Debug|Mixed Platforms.ActiveCfg = Debug|Any CPU
		{69B9950E-85BE-4AA4-9D8F-FE21639F124F}.Debug|Mixed Platforms.Build.0 = Debug|Any CPU
		{69B9950E-85BE-4AA4-9D8F-FE21639F124F}.Debug|x86.ActiveCfg = Debug|Any CPU
		{69B9950E-85BE-4AA4-9D8F-FE21639F124F}.Debug|x86.Build.0 = Debug|Any CPU
		{69B9950E-85BE-4AA4-9D8F-FE21639F124F}.Release|Any CPU.ActiveCfg = Release|Any CPU
		{69B9950E-85BE-4AA4-9D8F-FE21639F124F}.Release|Any CPU.Build.0 = Release|Any CPU
		{69B9950E-85BE-4AA4-9D8F-FE21639F124F}.Release|Mixed Platforms.ActiveCfg = Release|Any CPU
		{69B9950E-85BE-4AA4-9D8F-FE21639F124F}.Release|Mixed Platforms.Build.0 = Release|Any CPU
		{69B9950E-85BE-4AA4-9D8F-FE21639F124F}.Release|x86.ActiveCfg = Release|Any CPU
		{69B9950E-85BE-4AA4-9D8F-FE21639F124F}.Release|x86.Build.0 = Release|Any CPU
		{301B6CDF-DC9C-42BA-874A-EBA0C05214A3}.Debug|Any CPU.ActiveCfg = Debug|Any CPU
		{301B6CDF-DC9C-42BA-874A-EBA0C05214A3}.Debug|Any CPU.Build.0 = Debug|Any CPU
		{301B6CDF-DC9C-42BA-874A-EBA0C05214A3}.Debug|Mixed Platforms.ActiveCfg = Debug|Any CPU
		{301B6CDF-DC9C-42BA-874A-EBA0C05214A3}.Debug|Mixed Platforms.Build.0 = Debug|Any CPU
		{301B6CDF-DC9C-42BA-874A-EBA0C05214A3}.Debug|x86.ActiveCfg = Debug|Any CPU
		{301B6CDF-DC9C-42BA-874A-EBA0C05214A3}.Debug|x86.Build.0 = Debug|Any CPU
		{301B6CDF-DC9C-42BA-874A-EBA0C05214A3}.Release|Any CPU.ActiveCfg = Release|Any CPU
		{301B6CDF-DC9C-42BA-874A-EBA0C05214A3}.Release|Any CPU.Build.0 = Release|Any CPU
		{301B6CDF-DC9C-42BA-874A-EBA0C05214A3}.Release|Mixed Platforms.ActiveCfg = Release|Any CPU
		{301B6CDF-DC9C-42BA-874A-EBA0C05214A3}.Release|Mixed Platforms.Build.0 = Release|Any CPU
		{301B6CDF-DC9C-42BA-874A-EBA0C05214A3}.Release|x86.ActiveCfg = Release|Any CPU
		{301B6CDF-DC9C-42BA-874A-EBA0C05214A3}.Release|x86.Build.0 = Release|Any CPU
	EndGlobalSection
	GlobalSection(SolutionProperties) = preSolution
		HideSolutionNode = FALSE
	EndGlobalSection
	GlobalSection(NestedProjects) = preSolution
		{36C82670-022D-4446-A1B6-FA03688A3E5E} = {2C7C4899-144F-4DC5-93AD-06FF09B8DF82}
		{B4EC23AA-5796-4C36-BAD7-7D82411E5027} = {2C7C4899-144F-4DC5-93AD-06FF09B8DF82}
		{0A157D67-BF3B-4EAB-A6E3-F8C4C63C4CE3} = {2C7C4899-144F-4DC5-93AD-06FF09B8DF82}
		{DBB5831C-8FD8-4126-8A9C-565848A82E06} = {2C7C4899-144F-4DC5-93AD-06FF09B8DF82}
		{F9B7BDB4-5B16-499F-830C-36BE12EC665E} = {2C7C4899-144F-4DC5-93AD-06FF09B8DF82}
		{472650C0-A212-4FA5-9015-576734061227} = {2C7C4899-144F-4DC5-93AD-06FF09B8DF82}
		{8E90EB5E-EA6B-4CBC-B45F-1EB2790D00CC} = {2C7C4899-144F-4DC5-93AD-06FF09B8DF82}
		{C29B8A9A-3831-41C2-A0C1-EA1B265D696F} = {42B099DB-0DD6-4312-B980-09AEAD911B90}
		{7A4CE94B-1F3B-46F0-9C7F-9F2CB5B3C5E8} = {42B099DB-0DD6-4312-B980-09AEAD911B90}
		{EB4443BD-DEAD-4546-9C8C-BFC2A807AF3A} = {42B099DB-0DD6-4312-B980-09AEAD911B90}
		{3962E918-9797-45EB-9E5B-E28229D5BE33} = {42B099DB-0DD6-4312-B980-09AEAD911B90}
		{7F69213D-3EFB-4736-9962-0151F92FA7D4} = {A894D3E5-6594-40DF-97A9-55FB1ADAB7C3}
		{5282BA96-7E87-49F3-9429-0CD8821EF4E5} = {A894D3E5-6594-40DF-97A9-55FB1ADAB7C3}
		{59CAC082-C1A8-474C-B73C-BC79267C9B51} = {67CE8CD0-4F37-4A0B-897A-E126AF300F8D}
		{5BD2132A-20D5-4A81-9CD4-E8BE6BC43C4F} = {67CE8CD0-4F37-4A0B-897A-E126AF300F8D}
		{8529CC18-AFDC-4222-B7B4-5305E3C97772} = {EA89F426-09BA-4F87-B5C5-17CFFB6A89F8}
		{AC605EE5-3FBC-458A-8CB6-E2958C974FA6} = {EA89F426-09BA-4F87-B5C5-17CFFB6A89F8}
		{850BB50C-D03D-4C6B-8FBB-6055936148C8} = {67CE8CD0-4F37-4A0B-897A-E126AF300F8D}
		{9DCC0511-0B90-4A74-BB91-83CEAA45EAA5} = {67CE8CD0-4F37-4A0B-897A-E126AF300F8D}
		{18E53D06-7B26-4314-8B4E-454F78E53F8B} = {EA89F426-09BA-4F87-B5C5-17CFFB6A89F8}
		{C0618FC1-E1CA-4B95-A8D1-0359594DA1B4} = {EA89F426-09BA-4F87-B5C5-17CFFB6A89F8}
		{ED23E8EF-1623-491E-A30F-BA55C8F65CE7} = {EA89F426-09BA-4F87-B5C5-17CFFB6A89F8}
		{CA2BB834-77FA-43DB-8DDC-B0D1B5F519B9} = {0A157D67-BF3B-4EAB-A6E3-F8C4C63C4CE3}
		{D4C2FA43-D7F4-45EE-93EA-34706F2007D5} = {0A157D67-BF3B-4EAB-A6E3-F8C4C63C4CE3}
		{73DF8422-96EE-46C2-B534-58BE8BB12678} = {6F4FE9AC-38A1-4C1D-AEEB-0F4E034F13ED}
		{6F4FE9AC-38A1-4C1D-AEEB-0F4E034F13ED} = {2C7C4899-144F-4DC5-93AD-06FF09B8DF82}
		{1A1CFBA7-3BC0-4598-BDF0-CDE9634C506E} = {36C82670-022D-4446-A1B6-FA03688A3E5E}
		{7CA06456-17EA-4A13-8E1F-CF8533E8A4F7} = {36C82670-022D-4446-A1B6-FA03688A3E5E}
		{E9EF8691-923F-4738-AFA7-AF460BEDCCDA} = {DBB5831C-8FD8-4126-8A9C-565848A82E06}
		{75C8A29D-5745-42B4-B48F-15EA035CA1CF} = {DBB5831C-8FD8-4126-8A9C-565848A82E06}
		{4322B728-AAA7-45F0-9BDE-8F227FA8C73D} = {472650C0-A212-4FA5-9015-576734061227}
		{82C502F7-067E-414B-ABCA-3C5856F96EDA} = {A2553310-F07E-4CD8-BCED-4075404A8C37}
		{BB5BB40F-282B-4CF0-A165-533AB810D61D} = {472650C0-A212-4FA5-9015-576734061227}
		{F303560E-2FD6-4198-BE27-3EAC2446103C} = {A2553310-F07E-4CD8-BCED-4075404A8C37}
		{CAFB2299-A90B-4FAA-AAFA-9BB958742D45} = {42B099DB-0DD6-4312-B980-09AEAD911B90}
		{31A0E44B-CA42-41D3-837D-1B5677F97245} = {2C7C4899-144F-4DC5-93AD-06FF09B8DF82}
		{2FE73DC9-7959-4944-B594-29E73AA79604} = {31A0E44B-CA42-41D3-837D-1B5677F97245}
		{53651F05-D505-4D59-8FED-E723D26E491F} = {67CE8CD0-4F37-4A0B-897A-E126AF300F8D}
		{EA89F426-09BA-4F87-B5C5-17CFFB6A89F8} = {A2553310-F07E-4CD8-BCED-4075404A8C37}
		{7BF3E622-67CA-4E67-A9CA-F3B334C954FD} = {EA89F426-09BA-4F87-B5C5-17CFFB6A89F8}
		{9D3EB2D4-EC55-4080-938F-EA409162171D} = {EA89F426-09BA-4F87-B5C5-17CFFB6A89F8}
		{0902CBF9-E77C-4B69-8021-3DA8E3999CCA} = {F9B7BDB4-5B16-499F-830C-36BE12EC665E}
		{B3005F0C-ACFC-4C16-8379-46B6DECA302A} = {F9B7BDB4-5B16-499F-830C-36BE12EC665E}
		{0A84403C-046E-48FF-967C-30CDDA6AF07A} = {8E90EB5E-EA6B-4CBC-B45F-1EB2790D00CC}
		{E4394274-2B36-4F39-8228-D35C44EFA078} = {8E90EB5E-EA6B-4CBC-B45F-1EB2790D00CC}
		{CDBE4B3F-5E45-417C-95EB-8745B4D2D77F} = {31A0E44B-CA42-41D3-837D-1B5677F97245}
		{82118987-FB76-4E70-81A0-06D0B062D89C} = {B4EC23AA-5796-4C36-BAD7-7D82411E5027}
		{F52C0989-0F48-419A-B4CF-591F8ADA8DD1} = {B4EC23AA-5796-4C36-BAD7-7D82411E5027}
		{7C85339E-A485-44A4-BCA0-C5A533AB3E01} = {2C7C4899-144F-4DC5-93AD-06FF09B8DF82}
		{9D2F8F1B-CB77-46F2-A32B-AA7D7959A1D0} = {7C85339E-A485-44A4-BCA0-C5A533AB3E01}
		{0AF18C1E-1FC2-4CF0-A077-DA24974C2C15} = {7C85339E-A485-44A4-BCA0-C5A533AB3E01}
		{F54DAEB3-F26D-41A6-93E4-3A3B7921A621} = {D1EC0D8E-2041-404C-B275-5623FDC27A14}
		{C33164E5-3A07-409A-A330-250A0F323100} = {42B099DB-0DD6-4312-B980-09AEAD911B90}
		{00A16CAB-0153-43C0-BB0B-C1D07AE6B242} = {2C7C4899-144F-4DC5-93AD-06FF09B8DF82}
		{2B4C0363-133C-4A96-9D18-E3A90CA60F25} = {00A16CAB-0153-43C0-BB0B-C1D07AE6B242}
		{5F2C8D8F-0475-4583-A4E9-40B5ACF6050C} = {00A16CAB-0153-43C0-BB0B-C1D07AE6B242}
		{C034F8D0-95C6-44DC-97D1-3647D9463149} = {D1EC0D8E-2041-404C-B275-5623FDC27A14}
		{CF4B064A-6055-4A0C-B658-A2ADBBEA478E} = {D1EC0D8E-2041-404C-B275-5623FDC27A14}
		{F5EC8E25-2152-448D-9459-8F0EF9933B3B} = {D1EC0D8E-2041-404C-B275-5623FDC27A14}
		{2CC0419A-9CDF-46AF-8F7B-4839DD5F39B5} = {F54DAEB3-F26D-41A6-93E4-3A3B7921A621}
		{147ACA64-2605-4157-9AED-B512B3E327CC} = {F54DAEB3-F26D-41A6-93E4-3A3B7921A621}
		{8BC56C3D-4289-4507-B0D9-321DF90F3E1E} = {F54DAEB3-F26D-41A6-93E4-3A3B7921A621}
		{F59E6AEF-2023-472F-988B-23B5FBBE3322} = {F54DAEB3-F26D-41A6-93E4-3A3B7921A621}
		{D87A6C55-1732-41E1-A005-23ED646A2278} = {D1EC0D8E-2041-404C-B275-5623FDC27A14}
		{98D77F01-114B-4130-8C7C-2FF58425C34B} = {D1EC0D8E-2041-404C-B275-5623FDC27A14}
		{18224EDC-517B-4B50-8E12-5CAB49DA70DA} = {D0951EBD-01E1-465A-8CE4-4026FF36D400}
		{750AC5D1-B85A-4912-8F27-1BC6541F79AA} = {D0951EBD-01E1-465A-8CE4-4026FF36D400}
		{27A28916-7E62-4060-B79F-EC23944F71F4} = {750AC5D1-B85A-4912-8F27-1BC6541F79AA}
		{69B9950E-85BE-4AA4-9D8F-FE21639F124F} = {EA89F426-09BA-4F87-B5C5-17CFFB6A89F8}
		{301B6CDF-DC9C-42BA-874A-EBA0C05214A3} = {EA89F426-09BA-4F87-B5C5-17CFFB6A89F8}
	EndGlobalSection
	GlobalSection(ExtensibilityGlobals) = postSolution
		SolutionGuid = {F9F33F8A-F9FB-4257-BBDD-9CB5074EFD84}
		EnterpriseLibraryConfigurationToolBinariesPath = packages\Unity.2.1.505.0\lib\NET35
	EndGlobalSection
	GlobalSection(Performance) = preSolution
		HasPerformanceSessions = true
	EndGlobalSection
EndGlobal
